// !$*UTF8*$!
{
	archiveVersion = 1;
	classes = {
	};
	objectVersion = 52;
	objects = {

/* Begin PBXBuildFile section */
		E59D23F824E7794400F48DDA /* AppDelegate.swift in Sources */ = {isa = PBXBuildFile; fileRef = E59D23F724E7794400F48DDA /* AppDelegate.swift */; };
		E59D23FA24E7794400F48DDA /* SceneDelegate.swift in Sources */ = {isa = PBXBuildFile; fileRef = E59D23F924E7794400F48DDA /* SceneDelegate.swift */; };
		E59D23FC24E7794400F48DDA /* ContentView.swift in Sources */ = {isa = PBXBuildFile; fileRef = E59D23FB24E7794400F48DDA /* ContentView.swift */; };
		E59D23FE24E7794500F48DDA /* Assets.xcassets in Resources */ = {isa = PBXBuildFile; fileRef = E59D23FD24E7794500F48DDA /* Assets.xcassets */; };
		E59D240124E7794500F48DDA /* Preview Assets.xcassets in Resources */ = {isa = PBXBuildFile; fileRef = E59D240024E7794500F48DDA /* Preview Assets.xcassets */; };
		E59D240424E7794500F48DDA /* LaunchScreen.storyboard in Resources */ = {isa = PBXBuildFile; fileRef = E59D240224E7794500F48DDA /* LaunchScreen.storyboard */; };
		E5C1B16D24E9DF1600F4E439 /* MeView.swift in Sources */ = {isa = PBXBuildFile; fileRef = E5C1B16C24E9DF1600F4E439 /* MeView.swift */; };
		E5C1B16F24E9DFA000F4E439 /* ProspectsView.swift in Sources */ = {isa = PBXBuildFile; fileRef = E5C1B16E24E9DFA000F4E439 /* ProspectsView.swift */; };
		E5C1B17124E9E0F000F4E439 /* Prospect.swift in Sources */ = {isa = PBXBuildFile; fileRef = E5C1B17024E9E0F000F4E439 /* Prospect.swift */; };
		E5C1B17424E9E71F00F4E439 /* CodeScanner in Frameworks */ = {isa = PBXBuildFile; productRef = E5C1B17324E9E71F00F4E439 /* CodeScanner */; };
/* End PBXBuildFile section */

/* Begin PBXFileReference section */
		E59D23F424E7794400F48DDA /* HotProspects.app */ = {isa = PBXFileReference; explicitFileType = wrapper.application; includeInIndex = 0; path = HotProspects.app; sourceTree = BUILT_PRODUCTS_DIR; };
		E59D23F724E7794400F48DDA /* AppDelegate.swift */ = {isa = PBXFileReference; lastKnownFileType = sourcecode.swift; path = AppDelegate.swift; sourceTree = "<group>"; };
		E59D23F924E7794400F48DDA /* SceneDelegate.swift */ = {isa = PBXFileReference; lastKnownFileType = sourcecode.swift; path = SceneDelegate.swift; sourceTree = "<group>"; };
		E59D23FB24E7794400F48DDA /* ContentView.swift */ = {isa = PBXFileReference; lastKnownFileType = sourcecode.swift; path = ContentView.swift; sourceTree = "<group>"; };
		E59D23FD24E7794500F48DDA /* Assets.xcassets */ = {isa = PBXFileReference; lastKnownFileType = folder.assetcatalog; path = Assets.xcassets; sourceTree = "<group>"; };
		E59D240024E7794500F48DDA /* Preview Assets.xcassets */ = {isa = PBXFileReference; lastKnownFileType = folder.assetcatalog; path = "Preview Assets.xcassets"; sourceTree = "<group>"; };
		E59D240324E7794500F48DDA /* Base */ = {isa = PBXFileReference; lastKnownFileType = file.storyboard; name = Base; path = Base.lproj/LaunchScreen.storyboard; sourceTree = "<group>"; };
		E59D240524E7794500F48DDA /* Info.plist */ = {isa = PBXFileReference; lastKnownFileType = text.plist.xml; path = Info.plist; sourceTree = "<group>"; };
		E5C1B16C24E9DF1600F4E439 /* MeView.swift */ = {isa = PBXFileReference; lastKnownFileType = sourcecode.swift; path = MeView.swift; sourceTree = "<group>"; };
		E5C1B16E24E9DFA000F4E439 /* ProspectsView.swift */ = {isa = PBXFileReference; lastKnownFileType = sourcecode.swift; path = ProspectsView.swift; sourceTree = "<group>"; };
		E5C1B17024E9E0F000F4E439 /* Prospect.swift */ = {isa = PBXFileReference; lastKnownFileType = sourcecode.swift; path = Prospect.swift; sourceTree = "<group>"; };
/* End PBXFileReference section */

/* Begin PBXFrameworksBuildPhase section */
		E59D23F124E7794400F48DDA /* Frameworks */ = {
			isa = PBXFrameworksBuildPhase;
			buildActionMask = 2147483647;
			files = (
				E5C1B17424E9E71F00F4E439 /* CodeScanner in Frameworks */,
			);
			runOnlyForDeploymentPostprocessing = 0;
		};
/* End PBXFrameworksBuildPhase section */

/* Begin PBXGroup section */
		E59D23EB24E7794400F48DDA = {
			isa = PBXGroup;
			children = (
				E59D23F624E7794400F48DDA /* HotProspects */,
				E59D23F524E7794400F48DDA /* Products */,
			);
			sourceTree = "<group>";
		};
		E59D23F524E7794400F48DDA /* Products */ = {
			isa = PBXGroup;
			children = (
				E59D23F424E7794400F48DDA /* HotProspects.app */,
			);
			name = Products;
			sourceTree = "<group>";
		};
		E59D23F624E7794400F48DDA /* HotProspects */ = {
			isa = PBXGroup;
			children = (
				E59D23F724E7794400F48DDA /* AppDelegate.swift */,
				E59D23F924E7794400F48DDA /* SceneDelegate.swift */,
				E59D23FB24E7794400F48DDA /* ContentView.swift */,
				E5C1B16E24E9DFA000F4E439 /* ProspectsView.swift */,
				E5C1B16C24E9DF1600F4E439 /* MeView.swift */,
				E5C1B17024E9E0F000F4E439 /* Prospect.swift */,
				E59D23FD24E7794500F48DDA /* Assets.xcassets */,
				E59D240224E7794500F48DDA /* LaunchScreen.storyboard */,
				E59D240524E7794500F48DDA /* Info.plist */,
				E59D23FF24E7794500F48DDA /* Preview Content */,
			);
			path = HotProspects;
			sourceTree = "<group>";
		};
		E59D23FF24E7794500F48DDA /* Preview Content */ = {
			isa = PBXGroup;
			children = (
				E59D240024E7794500F48DDA /* Preview Assets.xcassets */,
			);
			path = "Preview Content";
			sourceTree = "<group>";
		};
/* End PBXGroup section */

/* Begin PBXNativeTarget section */
		E59D23F324E7794400F48DDA /* HotProspects */ = {
			isa = PBXNativeTarget;
			buildConfigurationList = E59D240824E7794500F48DDA /* Build configuration list for PBXNativeTarget "HotProspects" */;
			buildPhases = (
				E59D23F024E7794400F48DDA /* Sources */,
				E59D23F124E7794400F48DDA /* Frameworks */,
				E59D23F224E7794400F48DDA /* Resources */,
			);
			buildRules = (
			);
			dependencies = (
			);
			name = HotProspects;
			packageProductDependencies = (
				E5C1B17324E9E71F00F4E439 /* CodeScanner */,
			);
			productName = HotProspects;
			productReference = E59D23F424E7794400F48DDA /* HotProspects.app */;
			productType = "com.apple.product-type.application";
		};
/* End PBXNativeTarget section */

/* Begin PBXProject section */
		E59D23EC24E7794400F48DDA /* Project object */ = {
			isa = PBXProject;
			attributes = {
				LastSwiftUpdateCheck = 1160;
				LastUpgradeCheck = 1160;
				ORGANIZATIONNAME = "Felix Lin";
				TargetAttributes = {
					E59D23F324E7794400F48DDA = {
						CreatedOnToolsVersion = 11.6;
					};
				};
			};
			buildConfigurationList = E59D23EF24E7794400F48DDA /* Build configuration list for PBXProject "HotProspects" */;
			compatibilityVersion = "Xcode 9.3";
			developmentRegion = en;
			hasScannedForEncodings = 0;
			knownRegions = (
				en,
				Base,
			);
			mainGroup = E59D23EB24E7794400F48DDA;
			packageReferences = (
				E5C1B17224E9E71F00F4E439 /* XCRemoteSwiftPackageReference "CodeScanner" */,
			);
			productRefGroup = E59D23F524E7794400F48DDA /* Products */;
			projectDirPath = "";
			projectRoot = "";
			targets = (
				E59D23F324E7794400F48DDA /* HotProspects */,
			);
		};
/* End PBXProject section */

/* Begin PBXResourcesBuildPhase section */
		E59D23F224E7794400F48DDA /* Resources */ = {
			isa = PBXResourcesBuildPhase;
			buildActionMask = 2147483647;
			files = (
				E59D240424E7794500F48DDA /* LaunchScreen.storyboard in Resources */,
				E59D240124E7794500F48DDA /* Preview Assets.xcassets in Resources */,
				E59D23FE24E7794500F48DDA /* Assets.xcassets in Resources */,
			);
			runOnlyForDeploymentPostprocessing = 0;
		};
/* End PBXResourcesBuildPhase section */

/* Begin PBXSourcesBuildPhase section */
		E59D23F024E7794400F48DDA /* Sources */ = {
			isa = PBXSourcesBuildPhase;
			buildActionMask = 2147483647;
			files = (
				E59D23F824E7794400F48DDA /* AppDelegate.swift in Sources */,
				E5C1B17124E9E0F000F4E439 /* Prospect.swift in Sources */,
				E59D23FA24E7794400F48DDA /* SceneDelegate.swift in Sources */,
				E5C1B16F24E9DFA000F4E439 /* ProspectsView.swift in Sources */,
				E59D23FC24E7794400F48DDA /* ContentView.swift in Sources */,
				E5C1B16D24E9DF1600F4E439 /* MeView.swift in Sources */,
			);
			runOnlyForDeploymentPostprocessing = 0;
		};
/* End PBXSourcesBuildPhase section */

/* Begin PBXVariantGroup section */
		E59D240224E7794500F48DDA /* LaunchScreen.storyboard */ = {
			isa = PBXVariantGroup;
			children = (
				E59D240324E7794500F48DDA /* Base */,
			);
			name = LaunchScreen.storyboard;
			sourceTree = "<group>";
		};
/* End PBXVariantGroup section */

/* Begin XCBuildConfiguration section */
		E59D240624E7794500F48DDA /* Debug */ = {
			isa = XCBuildConfiguration;
			buildSettings = {
				ALWAYS_SEARCH_USER_PATHS = NO;
				CLANG_ANALYZER_NONNULL = YES;
				CLANG_ANALYZER_NUMBER_OBJECT_CONVERSION = YES_AGGRESSIVE;
				CLANG_CXX_LANGUAGE_STANDARD = "gnu++14";
				CLANG_CXX_LIBRARY = "libc++";
				CLANG_ENABLE_MODULES = YES;
				CLANG_ENABLE_OBJC_ARC = YES;
				CLANG_ENABLE_OBJC_WEAK = YES;
				CLANG_WARN_BLOCK_CAPTURE_AUTORELEASING = YES;
				CLANG_WARN_BOOL_CONVERSION = YES;
				CLANG_WARN_COMMA = YES;
				CLANG_WARN_CONSTANT_CONVERSION = YES;
				CLANG_WARN_DEPRECATED_OBJC_IMPLEMENTATIONS = YES;
				CLANG_WARN_DIRECT_OBJC_ISA_USAGE = YES_ERROR;
				CLANG_WARN_DOCUMENTATION_COMMENTS = YES;
				CLANG_WARN_EMPTY_BODY = YES;
				CLANG_WARN_ENUM_CONVERSION = YES;
				CLANG_WARN_INFINITE_RECURSION = YES;
				CLANG_WARN_INT_CONVERSION = YES;
				CLANG_WARN_NON_LITERAL_NULL_CONVERSION = YES;
				CLANG_WARN_OBJC_IMPLICIT_RETAIN_SELF = YES;
				CLANG_WARN_OBJC_LITERAL_CONVERSION = YES;
				CLANG_WARN_OBJC_ROOT_CLASS = YES_ERROR;
				CLANG_WARN_RANGE_LOOP_ANALYSIS = YES;
				CLANG_WARN_STRICT_PROTOTYPES = YES;
				CLANG_WARN_SUSPICIOUS_MOVE = YES;
				CLANG_WARN_UNGUARDED_AVAILABILITY = YES_AGGRESSIVE;
				CLANG_WARN_UNREACHABLE_CODE = YES;
				CLANG_WARN__DUPLICATE_METHOD_MATCH = YES;
				COPY_PHASE_STRIP = NO;
				DEBUG_INFORMATION_FORMAT = dwarf;
				ENABLE_STRICT_OBJC_MSGSEND = YES;
				ENABLE_TESTABILITY = YES;
				GCC_C_LANGUAGE_STANDARD = gnu11;
				GCC_DYNAMIC_NO_PIC = NO;
				GCC_NO_COMMON_BLOCKS = YES;
				GCC_OPTIMIZATION_LEVEL = 0;
				GCC_PREPROCESSOR_DEFINITIONS = (
					"DEBUG=1",
					"$(inherited)",
				);
				GCC_WARN_64_TO_32_BIT_CONVERSION = YES;
				GCC_WARN_ABOUT_RETURN_TYPE = YES_ERROR;
				GCC_WARN_UNDECLARED_SELECTOR = YES;
				GCC_WARN_UNINITIALIZED_AUTOS = YES_AGGRESSIVE;
				GCC_WARN_UNUSED_FUNCTION = YES;
				GCC_WARN_UNUSED_VARIABLE = YES;
				IPHONEOS_DEPLOYMENT_TARGET = 13.6;
				MTL_ENABLE_DEBUG_INFO = INCLUDE_SOURCE;
				MTL_FAST_MATH = YES;
				ONLY_ACTIVE_ARCH = YES;
				SDKROOT = iphoneos;
				SWIFT_ACTIVE_COMPILATION_CONDITIONS = DEBUG;
				SWIFT_OPTIMIZATION_LEVEL = "-Onone";
			};
			name = Debug;
		};
		E59D240724E7794500F48DDA /* Release */ = {
			isa = XCBuildConfiguration;
			buildSettings = {
				ALWAYS_SEARCH_USER_PATHS = NO;
				CLANG_ANALYZER_NONNULL = YES;
				CLANG_ANALYZER_NUMBER_OBJECT_CONVERSION = YES_AGGRESSIVE;
				CLANG_CXX_LANGUAGE_STANDARD = "gnu++14";
				CLANG_CXX_LIBRARY = "libc++";
				CLANG_ENABLE_MODULES = YES;
				CLANG_ENABLE_OBJC_ARC = YES;
				CLANG_ENABLE_OBJC_WEAK = YES;
				CLANG_WARN_BLOCK_CAPTURE_AUTORELEASING = YES;
				CLANG_WARN_BOOL_CONVERSION = YES;
				CLANG_WARN_COMMA = YES;
				CLANG_WARN_CONSTANT_CONVERSION = YES;
				CLANG_WARN_DEPRECATED_OBJC_IMPLEMENTATIONS = YES;
				CLANG_WARN_DIRECT_OBJC_ISA_USAGE = YES_ERROR;
				CLANG_WARN_DOCUMENTATION_COMMENTS = YES;
				CLANG_WARN_EMPTY_BODY = YES;
				CLANG_WARN_ENUM_CONVERSION = YES;
				CLANG_WARN_INFINITE_RECURSION = YES;
				CLANG_WARN_INT_CONVERSION = YES;
				CLANG_WARN_NON_LITERAL_NULL_CONVERSION = YES;
				CLANG_WARN_OBJC_IMPLICIT_RETAIN_SELF = YES;
				CLANG_WARN_OBJC_LITERAL_CONVERSION = YES;
				CLANG_WARN_OBJC_ROOT_CLASS = YES_ERROR;
				CLANG_WARN_RANGE_LOOP_ANALYSIS = YES;
				CLANG_WARN_STRICT_PROTOTYPES = YES;
				CLANG_WARN_SUSPICIOUS_MOVE = YES;
				CLANG_WARN_UNGUARDED_AVAILABILITY = YES_AGGRESSIVE;
				CLANG_WARN_UNREACHABLE_CODE = YES;
				CLANG_WARN__DUPLICATE_METHOD_MATCH = YES;
				COPY_PHASE_STRIP = NO;
				DEBUG_INFORMATION_FORMAT = "dwarf-with-dsym";
				ENABLE_NS_ASSERTIONS = NO;
				ENABLE_STRICT_OBJC_MSGSEND = YES;
				GCC_C_LANGUAGE_STANDARD = gnu11;
				GCC_NO_COMMON_BLOCKS = YES;
				GCC_WARN_64_TO_32_BIT_CONVERSION = YES;
				GCC_WARN_ABOUT_RETURN_TYPE = YES_ERROR;
				GCC_WARN_UNDECLARED_SELECTOR = YES;
				GCC_WARN_UNINITIALIZED_AUTOS = YES_AGGRESSIVE;
				GCC_WARN_UNUSED_FUNCTION = YES;
				GCC_WARN_UNUSED_VARIABLE = YES;
				IPHONEOS_DEPLOYMENT_TARGET = 13.6;
				MTL_ENABLE_DEBUG_INFO = NO;
				MTL_FAST_MATH = YES;
				SDKROOT = iphoneos;
				SWIFT_COMPILATION_MODE = wholemodule;
				SWIFT_OPTIMIZATION_LEVEL = "-O";
				VALIDATE_PRODUCT = YES;
			};
			name = Release;
		};
		E59D240924E7794500F48DDA /* Debug */ = {
			isa = XCBuildConfiguration;
			buildSettings = {
				ASSETCATALOG_COMPILER_APPICON_NAME = AppIcon;
				CODE_SIGN_STYLE = Automatic;
				DEVELOPMENT_ASSET_PATHS = "\"HotProspects/Preview Content\"";
				DEVELOPMENT_TEAM = MVGPSPVTNC;
				ENABLE_PREVIEWS = YES;
				INFOPLIST_FILE = HotProspects/Info.plist;
				LD_RUNPATH_SEARCH_PATHS = (
					"$(inherited)",
					"@executable_path/Frameworks",
				);
				PRODUCT_BUNDLE_IDENTIFIER = com.felix.HotProspects;
				PRODUCT_NAME = "$(TARGET_NAME)";
				SWIFT_VERSION = 5.0;
				TARGETED_DEVICE_FAMILY = "1,2";
			};
			name = Debug;
		};
		E59D240A24E7794500F48DDA /* Release */ = {
			isa = XCBuildConfiguration;
			buildSettings = {
				ASSETCATALOG_COMPILER_APPICON_NAME = AppIcon;
				CODE_SIGN_STYLE = Automatic;
				DEVELOPMENT_ASSET_PATHS = "\"HotProspects/Preview Content\"";
				DEVELOPMENT_TEAM = MVGPSPVTNC;
				ENABLE_PREVIEWS = YES;
				INFOPLIST_FILE = HotProspects/Info.plist;
				LD_RUNPATH_SEARCH_PATHS = (
					"$(inherited)",
					"@executable_path/Frameworks",
				);
				PRODUCT_BUNDLE_IDENTIFIER = com.felix.HotProspects;
				PRODUCT_NAME = "$(TARGET_NAME)";
				SWIFT_VERSION = 5.0;
				TARGETED_DEVICE_FAMILY = "1,2";
			};
			name = Release;
		};
/* End XCBuildConfiguration section */

/* Begin XCConfigurationList section */
		E59D23EF24E7794400F48DDA /* Build configuration list for PBXProject "HotProspects" */ = {
			isa = XCConfigurationList;
			buildConfigurations = (
				E59D240624E7794500F48DDA /* Debug */,
				E59D240724E7794500F48DDA /* Release */,
			);
			defaultConfigurationIsVisible = 0;
			defaultConfigurationName = Release;
		};
		E59D240824E7794500F48DDA /* Build configuration list for PBXNativeTarget "HotProspects" */ = {
			isa = XCConfigurationList;
			buildConfigurations = (
				E59D240924E7794500F48DDA /* Debug */,
				E59D240A24E7794500F48DDA /* Release */,
			);
			defaultConfigurationIsVisible = 0;
			defaultConfigurationName = Release;
		};
/* End XCConfigurationList section */

/* Begin XCRemoteSwiftPackageReference section */
		E5C1B17224E9E71F00F4E439 /* XCRemoteSwiftPackageReference "CodeScanner" */ = {
			isa = XCRemoteSwiftPackageReference;
			repositoryURL = "https://github.com/twostraws/CodeScanner";
			requirement = {
				kind = upToNextMajorVersion;
				minimumVersion = 1.0.6;
			};
		};
/* End XCRemoteSwiftPackageReference section */

/* Begin XCSwiftPackageProductDependency section */
		E5C1B17324E9E71F00F4E439 /* CodeScanner */ = {
			isa = XCSwiftPackageProductDependency;
			package = E5C1B17224E9E71F00F4E439 /* XCRemoteSwiftPackageReference "CodeScanner" */;
			productName = CodeScanner;
		};
/* End XCSwiftPackageProductDependency section */
	};
	rootObject = E59D23EC24E7794400F48DDA /* Project object */;
}
