// !$*UTF8*$!
{
	archiveVersion = 1;
	classes = {
	};
	objectVersion = 50;
	objects = {

/* Begin PBXBuildFile section */
		C2264A8A24130CD1009439D7 /* AppDelegate.swift in Sources */ = {isa = PBXBuildFile; fileRef = C2264A8924130CD1009439D7 /* AppDelegate.swift */; };
		C2264A8C24130CD1009439D7 /* SceneDelegate.swift in Sources */ = {isa = PBXBuildFile; fileRef = C2264A8B24130CD1009439D7 /* SceneDelegate.swift */; };
		C2264A8E24130CD1009439D7 /* ContentView.swift in Sources */ = {isa = PBXBuildFile; fileRef = C2264A8D24130CD1009439D7 /* ContentView.swift */; };
		C2264A9024130CD2009439D7 /* Assets.xcassets in Resources */ = {isa = PBXBuildFile; fileRef = C2264A8F24130CD2009439D7 /* Assets.xcassets */; };
		C2264A9324130CD2009439D7 /* Preview Assets.xcassets in Resources */ = {isa = PBXBuildFile; fileRef = C2264A9224130CD2009439D7 /* Preview Assets.xcassets */; };
		C2264A9624130CD2009439D7 /* LaunchScreen.storyboard in Resources */ = {isa = PBXBuildFile; fileRef = C2264A9424130CD2009439D7 /* LaunchScreen.storyboard */; };
/* End PBXBuildFile section */

/* Begin PBXFileReference section */
		C2264A8624130CD1009439D7 /* StackingEssentials.app */ = {isa = PBXFileReference; explicitFileType = wrapper.application; includeInIndex = 0; path = StackingEssentials.app; sourceTree = BUILT_PRODUCTS_DIR; };
		C2264A8924130CD1009439D7 /* AppDelegate.swift */ = {isa = PBXFileReference; lastKnownFileType = sourcecode.swift; path = AppDelegate.swift; sourceTree = "<group>"; };
		C2264A8B24130CD1009439D7 /* SceneDelegate.swift */ = {isa = PBXFileReference; lastKnownFileType = sourcecode.swift; path = SceneDelegate.swift; sourceTree = "<group>"; };
		C2264A8D24130CD1009439D7 /* ContentView.swift */ = {isa = PBXFileReference; lastKnownFileType = sourcecode.swift; path = ContentView.swift; sourceTree = "<group>"; };
		C2264A8F24130CD2009439D7 /* Assets.xcassets */ = {isa = PBXFileReference; lastKnownFileType = folder.assetcatalog; path = Assets.xcassets; sourceTree = "<group>"; };
		C2264A9224130CD2009439D7 /* Preview Assets.xcassets */ = {isa = PBXFileReference; lastKnownFileType = folder.assetcatalog; path = "Preview Assets.xcassets"; sourceTree = "<group>"; };
		C2264A9524130CD2009439D7 /* Base */ = {isa = PBXFileReference; lastKnownFileType = file.storyboard; name = Base; path = Base.lproj/LaunchScreen.storyboard; sourceTree = "<group>"; };
		C2264A9724130CD2009439D7 /* Info.plist */ = {isa = PBXFileReference; lastKnownFileType = text.plist.xml; path = Info.plist; sourceTree = "<group>"; };
/* End PBXFileReference section */

/* Begin PBXFrameworksBuildPhase section */
		C2264A8324130CD1009439D7 /* Frameworks */ = {
			isa = PBXFrameworksBuildPhase;
			buildActionMask = 2147483647;
			files = (
			);
			runOnlyForDeploymentPostprocessing = 0;
		};
/* End PBXFrameworksBuildPhase section */

/* Begin PBXGroup section */
		C2264A7D24130CD1009439D7 = {
			isa = PBXGroup;
			children = (
				C2264A8824130CD1009439D7 /* StackingEssentials */,
				C2264A8724130CD1009439D7 /* Products */,
			);
			sourceTree = "<group>";
		};
		C2264A8724130CD1009439D7 /* Products */ = {
			isa = PBXGroup;
			children = (
				C2264A8624130CD1009439D7 /* StackingEssentials.app */,
			);
			name = Products;
			sourceTree = "<group>";
		};
		C2264A8824130CD1009439D7 /* StackingEssentials */ = {
			isa = PBXGroup;
			children = (
				C2264A8924130CD1009439D7 /* AppDelegate.swift */,
				C2264A8B24130CD1009439D7 /* SceneDelegate.swift */,
				C2264A8D24130CD1009439D7 /* ContentView.swift */,
				C2264A8F24130CD2009439D7 /* Assets.xcassets */,
				C2264A9424130CD2009439D7 /* LaunchScreen.storyboard */,
				C2264A9724130CD2009439D7 /* Info.plist */,
				C2264A9124130CD2009439D7 /* Preview Content */,
			);
			path = StackingEssentials;
			sourceTree = "<group>";
		};
		C2264A9124130CD2009439D7 /* Preview Content */ = {
			isa = PBXGroup;
			children = (
				C2264A9224130CD2009439D7 /* Preview Assets.xcassets */,
			);
			path = "Preview Content";
			sourceTree = "<group>";
		};
/* End PBXGroup section */

/* Begin PBXNativeTarget section */
		C2264A8524130CD1009439D7 /* StackingEssentials */ = {
			isa = PBXNativeTarget;
			buildConfigurationList = C2264A9A24130CD2009439D7 /* Build configuration list for PBXNativeTarget "StackingEssentials" */;
			buildPhases = (
				C2264A8224130CD1009439D7 /* Sources */,
				C2264A8324130CD1009439D7 /* Frameworks */,
				C2264A8424130CD1009439D7 /* Resources */,
			);
			buildRules = (
			);
			dependencies = (
			);
			name = StackingEssentials;
			productName = StackingEssentials;
			productReference = C2264A8624130CD1009439D7 /* StackingEssentials.app */;
			productType = "com.apple.product-type.application";
		};
/* End PBXNativeTarget section */

/* Begin PBXProject section */
		C2264A7E24130CD1009439D7 /* Project object */ = {
			isa = PBXProject;
			attributes = {
				LastSwiftUpdateCheck = 1130;
				LastUpgradeCheck = 1130;
				ORGANIZATIONNAME = "Felix Lin";
				TargetAttributes = {
					C2264A8524130CD1009439D7 = {
						CreatedOnToolsVersion = 11.3.1;
					};
				};
			};
			buildConfigurationList = C2264A8124130CD1009439D7 /* Build configuration list for PBXProject "StackingEssentials" */;
			compatibilityVersion = "Xcode 9.3";
			developmentRegion = en;
			hasScannedForEncodings = 0;
			knownRegions = (
				en,
				Base,
			);
			mainGroup = C2264A7D24130CD1009439D7;
			productRefGroup = C2264A8724130CD1009439D7 /* Products */;
			projectDirPath = "";
			projectRoot = "";
			targets = (
				C2264A8524130CD1009439D7 /* StackingEssentials */,
			);
		};
/* End PBXProject section */

/* Begin PBXResourcesBuildPhase section */
		C2264A8424130CD1009439D7 /* Resources */ = {
			isa = PBXResourcesBuildPhase;
			buildActionMask = 2147483647;
			files = (
				C2264A9624130CD2009439D7 /* LaunchScreen.storyboard in Resources */,
				C2264A9324130CD2009439D7 /* Preview Assets.xcassets in Resources */,
				C2264A9024130CD2009439D7 /* Assets.xcassets in Resources */,
			);
			runOnlyForDeploymentPostprocessing = 0;
		};
/* End PBXResourcesBuildPhase section */

/* Begin PBXSourcesBuildPhase section */
		C2264A8224130CD1009439D7 /* Sources */ = {
			isa = PBXSourcesBuildPhase;
			buildActionMask = 2147483647;
			files = (
				C2264A8A24130CD1009439D7 /* AppDelegate.swift in Sources */,
				C2264A8C24130CD1009439D7 /* SceneDelegate.swift in Sources */,
				C2264A8E24130CD1009439D7 /* ContentView.swift in Sources */,
			);
			runOnlyForDeploymentPostprocessing = 0;
		};
/* End PBXSourcesBuildPhase section */

/* Begin PBXVariantGroup section */
		C2264A9424130CD2009439D7 /* LaunchScreen.storyboard */ = {
			isa = PBXVariantGroup;
			children = (
				C2264A9524130CD2009439D7 /* Base */,
			);
			name = LaunchScreen.storyboard;
			sourceTree = "<group>";
		};
/* End PBXVariantGroup section */

/* Begin XCBuildConfiguration section */
		C2264A9824130CD2009439D7 /* Debug */ = {
			isa = XCBuildConfiguration;
			buildSettings = {
				ALWAYS_SEARCH_USER_PATHS = NO;
				CLANG_ANALYZER_NONNULL = YES;
				CLANG_ANALYZER_NUMBER_OBJECT_CONVERSION = YES_AGGRESSIVE;
				CLANG_CXX_LANGUAGE_STANDARD = "gnu++14";
				CLANG_CXX_LIBRARY = "libc++";
				CLANG_ENABLE_MODULES = YES;
				CLANG_ENABLE_OBJC_ARC = YES;
				CLANG_ENABLE_OBJC_WEAK = YES;
				CLANG_WARN_BLOCK_CAPTURE_AUTORELEASING = YES;
				CLANG_WARN_BOOL_CONVERSION = YES;
				CLANG_WARN_COMMA = YES;
				CLANG_WARN_CONSTANT_CONVERSION = YES;
				CLANG_WARN_DEPRECATED_OBJC_IMPLEMENTATIONS = YES;
				CLANG_WARN_DIRECT_OBJC_ISA_USAGE = YES_ERROR;
				CLANG_WARN_DOCUMENTATION_COMMENTS = YES;
				CLANG_WARN_EMPTY_BODY = YES;
				CLANG_WARN_ENUM_CONVERSION = YES;
				CLANG_WARN_INFINITE_RECURSION = YES;
				CLANG_WARN_INT_CONVERSION = YES;
				CLANG_WARN_NON_LITERAL_NULL_CONVERSION = YES;
				CLANG_WARN_OBJC_IMPLICIT_RETAIN_SELF = YES;
				CLANG_WARN_OBJC_LITERAL_CONVERSION = YES;
				CLANG_WARN_OBJC_ROOT_CLASS = YES_ERROR;
				CLANG_WARN_RANGE_LOOP_ANALYSIS = YES;
				CLANG_WARN_STRICT_PROTOTYPES = YES;
				CLANG_WARN_SUSPICIOUS_MOVE = YES;
				CLANG_WARN_UNGUARDED_AVAILABILITY = YES_AGGRESSIVE;
				CLANG_WARN_UNREACHABLE_CODE = YES;
				CLANG_WARN__DUPLICATE_METHOD_MATCH = YES;
				COPY_PHASE_STRIP = NO;
				DEBUG_INFORMATION_FORMAT = dwarf;
				ENABLE_STRICT_OBJC_MSGSEND = YES;
				ENABLE_TESTABILITY = YES;
				GCC_C_LANGUAGE_STANDARD = gnu11;
				GCC_DYNAMIC_NO_PIC = NO;
				GCC_NO_COMMON_BLOCKS = YES;
				GCC_OPTIMIZATION_LEVEL = 0;
				GCC_PREPROCESSOR_DEFINITIONS = (
					"DEBUG=1",
					"$(inherited)",
				);
				GCC_WARN_64_TO_32_BIT_CONVERSION = YES;
				GCC_WARN_ABOUT_RETURN_TYPE = YES_ERROR;
				GCC_WARN_UNDECLARED_SELECTOR = YES;
				GCC_WARN_UNINITIALIZED_AUTOS = YES_AGGRESSIVE;
				GCC_WARN_UNUSED_FUNCTION = YES;
				GCC_WARN_UNUSED_VARIABLE = YES;
				IPHONEOS_DEPLOYMENT_TARGET = 13.2;
				MTL_ENABLE_DEBUG_INFO = INCLUDE_SOURCE;
				MTL_FAST_MATH = YES;
				ONLY_ACTIVE_ARCH = YES;
				SDKROOT = iphoneos;
				SWIFT_ACTIVE_COMPILATION_CONDITIONS = DEBUG;
				SWIFT_OPTIMIZATION_LEVEL = "-Onone";
			};
			name = Debug;
		};
		C2264A9924130CD2009439D7 /* Release */ = {
			isa = XCBuildConfiguration;
			buildSettings = {
				ALWAYS_SEARCH_USER_PATHS = NO;
				CLANG_ANALYZER_NONNULL = YES;
				CLANG_ANALYZER_NUMBER_OBJECT_CONVERSION = YES_AGGRESSIVE;
				CLANG_CXX_LANGUAGE_STANDARD = "gnu++14";
				CLANG_CXX_LIBRARY = "libc++";
				CLANG_ENABLE_MODULES = YES;
				CLANG_ENABLE_OBJC_ARC = YES;
				CLANG_ENABLE_OBJC_WEAK = YES;
				CLANG_WARN_BLOCK_CAPTURE_AUTORELEASING = YES;
				CLANG_WARN_BOOL_CONVERSION = YES;
				CLANG_WARN_COMMA = YES;
				CLANG_WARN_CONSTANT_CONVERSION = YES;
				CLANG_WARN_DEPRECATED_OBJC_IMPLEMENTATIONS = YES;
				CLANG_WARN_DIRECT_OBJC_ISA_USAGE = YES_ERROR;
				CLANG_WARN_DOCUMENTATION_COMMENTS = YES;
				CLANG_WARN_EMPTY_BODY = YES;
				CLANG_WARN_ENUM_CONVERSION = YES;
				CLANG_WARN_INFINITE_RECURSION = YES;
				CLANG_WARN_INT_CONVERSION = YES;
				CLANG_WARN_NON_LITERAL_NULL_CONVERSION = YES;
				CLANG_WARN_OBJC_IMPLICIT_RETAIN_SELF = YES;
				CLANG_WARN_OBJC_LITERAL_CONVERSION = YES;
				CLANG_WARN_OBJC_ROOT_CLASS = YES_ERROR;
				CLANG_WARN_RANGE_LOOP_ANALYSIS = YES;
				CLANG_WARN_STRICT_PROTOTYPES = YES;
				CLANG_WARN_SUSPICIOUS_MOVE = YES;
				CLANG_WARN_UNGUARDED_AVAILABILITY = YES_AGGRESSIVE;
				CLANG_WARN_UNREACHABLE_CODE = YES;
				CLANG_WARN__DUPLICATE_METHOD_MATCH = YES;
				COPY_PHASE_STRIP = NO;
				DEBUG_INFORMATION_FORMAT = "dwarf-with-dsym";
				ENABLE_NS_ASSERTIONS = NO;
				ENABLE_STRICT_OBJC_MSGSEND = YES;
				GCC_C_LANGUAGE_STANDARD = gnu11;
				GCC_NO_COMMON_BLOCKS = YES;
				GCC_WARN_64_TO_32_BIT_CONVERSION = YES;
				GCC_WARN_ABOUT_RETURN_TYPE = YES_ERROR;
				GCC_WARN_UNDECLARED_SELECTOR = YES;
				GCC_WARN_UNINITIALIZED_AUTOS = YES_AGGRESSIVE;
				GCC_WARN_UNUSED_FUNCTION = YES;
				GCC_WARN_UNUSED_VARIABLE = YES;
				IPHONEOS_DEPLOYMENT_TARGET = 13.2;
				MTL_ENABLE_DEBUG_INFO = NO;
				MTL_FAST_MATH = YES;
				SDKROOT = iphoneos;
				SWIFT_COMPILATION_MODE = wholemodule;
				SWIFT_OPTIMIZATION_LEVEL = "-O";
				VALIDATE_PRODUCT = YES;
			};
			name = Release;
		};
		C2264A9B24130CD2009439D7 /* Debug */ = {
			isa = XCBuildConfiguration;
			buildSettings = {
				ASSETCATALOG_COMPILER_APPICON_NAME = AppIcon;
				CODE_SIGN_STYLE = Automatic;
				DEVELOPMENT_ASSET_PATHS = "\"StackingEssentials/Preview Content\"";
				DEVELOPMENT_TEAM = MVGPSPVTNC;
				ENABLE_PREVIEWS = YES;
				INFOPLIST_FILE = StackingEssentials/Info.plist;
				LD_RUNPATH_SEARCH_PATHS = (
					"$(inherited)",
					"@executable_path/Frameworks",
				);
				PRODUCT_BUNDLE_IDENTIFIER = com.felix.StackingEssentials;
				PRODUCT_NAME = "$(TARGET_NAME)";
				SWIFT_VERSION = 5.0;
				TARGETED_DEVICE_FAMILY = "1,2";
			};
			name = Debug;
		};
		C2264A9C24130CD2009439D7 /* Release */ = {
			isa = XCBuildConfiguration;
			buildSettings = {
				ASSETCATALOG_COMPILER_APPICON_NAME = AppIcon;
				CODE_SIGN_STYLE = Automatic;
				DEVELOPMENT_ASSET_PATHS = "\"StackingEssentials/Preview Content\"";
				DEVELOPMENT_TEAM = MVGPSPVTNC;
				ENABLE_PREVIEWS = YES;
				INFOPLIST_FILE = StackingEssentials/Info.plist;
				LD_RUNPATH_SEARCH_PATHS = (
					"$(inherited)",
					"@executable_path/Frameworks",
				);
				PRODUCT_BUNDLE_IDENTIFIER = com.felix.StackingEssentials;
				PRODUCT_NAME = "$(TARGET_NAME)";
				SWIFT_VERSION = 5.0;
				TARGETED_DEVICE_FAMILY = "1,2";
			};
			name = Release;
		};
/* End XCBuildConfiguration section */

/* Begin XCConfigurationList section */
		C2264A8124130CD1009439D7 /* Build configuration list for PBXProject "StackingEssentials" */ = {
			isa = XCConfigurationList;
			buildConfigurations = (
				C2264A9824130CD2009439D7 /* Debug */,
				C2264A9924130CD2009439D7 /* Release */,
			);
			defaultConfigurationIsVisible = 0;
			defaultConfigurationName = Release;
		};
		C2264A9A24130CD2009439D7 /* Build configuration list for PBXNativeTarget "StackingEssentials" */ = {
			isa = XCConfigurationList;
			buildConfigurations = (
				C2264A9B24130CD2009439D7 /* Debug */,
				C2264A9C24130CD2009439D7 /* Release */,
			);
			defaultConfigurationIsVisible = 0;
			defaultConfigurationName = Release;
		};
/* End XCConfigurationList section */
	};
	rootObject = C2264A7E24130CD1009439D7 /* Project object */;
}
