// !$*UTF8*$!
{
	archiveVersion = 1;
	classes = {
	};
	objectVersion = 50;
	objects = {

/* Begin PBXBuildFile section */
		E50A39DE23BFE81E005A07DD /* AppDelegate.swift in Sources */ = {isa = PBXBuildFile; fileRef = E50A39DD23BFE81E005A07DD /* AppDelegate.swift */; };
		E50A39E023BFE81E005A07DD /* SceneDelegate.swift in Sources */ = {isa = PBXBuildFile; fileRef = E50A39DF23BFE81E005A07DD /* SceneDelegate.swift */; };
		E50A39E323BFE81E005A07DD /* CoreDataProject.xcdatamodeld in Sources */ = {isa = PBXBuildFile; fileRef = E50A39E123BFE81E005A07DD /* CoreDataProject.xcdatamodeld */; };
		E50A39E523BFE81E005A07DD /* ContentView.swift in Sources */ = {isa = PBXBuildFile; fileRef = E50A39E423BFE81E005A07DD /* ContentView.swift */; };
		E50A39E723BFE81F005A07DD /* Assets.xcassets in Resources */ = {isa = PBXBuildFile; fileRef = E50A39E623BFE81F005A07DD /* Assets.xcassets */; };
		E50A39EA23BFE81F005A07DD /* Preview Assets.xcassets in Resources */ = {isa = PBXBuildFile; fileRef = E50A39E923BFE81F005A07DD /* Preview Assets.xcassets */; };
		E50A39ED23BFE81F005A07DD /* LaunchScreen.storyboard in Resources */ = {isa = PBXBuildFile; fileRef = E50A39EB23BFE81F005A07DD /* LaunchScreen.storyboard */; };
		E545C2FE23D3AEDC006388E5 /* Candy+CoreDataClass.swift in Sources */ = {isa = PBXBuildFile; fileRef = E545C2FA23D3AEDC006388E5 /* Candy+CoreDataClass.swift */; };
		E545C2FF23D3AEDC006388E5 /* Candy+CoreDataProperties.swift in Sources */ = {isa = PBXBuildFile; fileRef = E545C2FB23D3AEDC006388E5 /* Candy+CoreDataProperties.swift */; };
		E545C30023D3AEDC006388E5 /* Country+CoreDataClass.swift in Sources */ = {isa = PBXBuildFile; fileRef = E545C2FC23D3AEDC006388E5 /* Country+CoreDataClass.swift */; };
		E545C30123D3AEDC006388E5 /* Country+CoreDataProperties.swift in Sources */ = {isa = PBXBuildFile; fileRef = E545C2FD23D3AEDC006388E5 /* Country+CoreDataProperties.swift */; };
		E586EC3723D30C7900B7B015 /* FilteredList.swift in Sources */ = {isa = PBXBuildFile; fileRef = E586EC3623D30C7900B7B015 /* FilteredList.swift */; };
/* End PBXBuildFile section */

/* Begin PBXFileReference section */
		E50A39DA23BFE81E005A07DD /* CoreDataProject.app */ = {isa = PBXFileReference; explicitFileType = wrapper.application; includeInIndex = 0; path = CoreDataProject.app; sourceTree = BUILT_PRODUCTS_DIR; };
		E50A39DD23BFE81E005A07DD /* AppDelegate.swift */ = {isa = PBXFileReference; lastKnownFileType = sourcecode.swift; path = AppDelegate.swift; sourceTree = "<group>"; };
		E50A39DF23BFE81E005A07DD /* SceneDelegate.swift */ = {isa = PBXFileReference; lastKnownFileType = sourcecode.swift; path = SceneDelegate.swift; sourceTree = "<group>"; };
		E50A39E223BFE81E005A07DD /* CoreDataProject.xcdatamodel */ = {isa = PBXFileReference; lastKnownFileType = wrapper.xcdatamodel; path = CoreDataProject.xcdatamodel; sourceTree = "<group>"; };
		E50A39E423BFE81E005A07DD /* ContentView.swift */ = {isa = PBXFileReference; lastKnownFileType = sourcecode.swift; path = ContentView.swift; sourceTree = "<group>"; };
		E50A39E623BFE81F005A07DD /* Assets.xcassets */ = {isa = PBXFileReference; lastKnownFileType = folder.assetcatalog; path = Assets.xcassets; sourceTree = "<group>"; };
		E50A39E923BFE81F005A07DD /* Preview Assets.xcassets */ = {isa = PBXFileReference; lastKnownFileType = folder.assetcatalog; path = "Preview Assets.xcassets"; sourceTree = "<group>"; };
		E50A39EC23BFE81F005A07DD /* Base */ = {isa = PBXFileReference; lastKnownFileType = file.storyboard; name = Base; path = Base.lproj/LaunchScreen.storyboard; sourceTree = "<group>"; };
		E50A39EE23BFE81F005A07DD /* Info.plist */ = {isa = PBXFileReference; lastKnownFileType = text.plist.xml; path = Info.plist; sourceTree = "<group>"; };
		E545C2FA23D3AEDC006388E5 /* Candy+CoreDataClass.swift */ = {isa = PBXFileReference; lastKnownFileType = sourcecode.swift; path = "Candy+CoreDataClass.swift"; sourceTree = SOURCE_ROOT; };
		E545C2FB23D3AEDC006388E5 /* Candy+CoreDataProperties.swift */ = {isa = PBXFileReference; lastKnownFileType = sourcecode.swift; path = "Candy+CoreDataProperties.swift"; sourceTree = SOURCE_ROOT; };
		E545C2FC23D3AEDC006388E5 /* Country+CoreDataClass.swift */ = {isa = PBXFileReference; lastKnownFileType = sourcecode.swift; path = "Country+CoreDataClass.swift"; sourceTree = SOURCE_ROOT; };
		E545C2FD23D3AEDC006388E5 /* Country+CoreDataProperties.swift */ = {isa = PBXFileReference; lastKnownFileType = sourcecode.swift; path = "Country+CoreDataProperties.swift"; sourceTree = SOURCE_ROOT; };
		E586EC3623D30C7900B7B015 /* FilteredList.swift */ = {isa = PBXFileReference; lastKnownFileType = sourcecode.swift; path = FilteredList.swift; sourceTree = "<group>"; };
/* End PBXFileReference section */

/* Begin PBXFrameworksBuildPhase section */
		E50A39D723BFE81E005A07DD /* Frameworks */ = {
			isa = PBXFrameworksBuildPhase;
			buildActionMask = 2147483647;
			files = (
			);
			runOnlyForDeploymentPostprocessing = 0;
		};
/* End PBXFrameworksBuildPhase section */

/* Begin PBXGroup section */
		E50A39D123BFE81E005A07DD = {
			isa = PBXGroup;
			children = (
				E50A39DC23BFE81E005A07DD /* CoreDataProject */,
				E50A39DB23BFE81E005A07DD /* Products */,
			);
			sourceTree = "<group>";
		};
		E50A39DB23BFE81E005A07DD /* Products */ = {
			isa = PBXGroup;
			children = (
				E50A39DA23BFE81E005A07DD /* CoreDataProject.app */,
			);
			name = Products;
			sourceTree = "<group>";
		};
		E50A39DC23BFE81E005A07DD /* CoreDataProject */ = {
			isa = PBXGroup;
			children = (
				E545C2FA23D3AEDC006388E5 /* Candy+CoreDataClass.swift */,
				E545C2FB23D3AEDC006388E5 /* Candy+CoreDataProperties.swift */,
				E545C2FC23D3AEDC006388E5 /* Country+CoreDataClass.swift */,
				E545C2FD23D3AEDC006388E5 /* Country+CoreDataProperties.swift */,
				E50A39DD23BFE81E005A07DD /* AppDelegate.swift */,
				E50A39DF23BFE81E005A07DD /* SceneDelegate.swift */,
				E50A39E423BFE81E005A07DD /* ContentView.swift */,
				E586EC3623D30C7900B7B015 /* FilteredList.swift */,
				E50A39E623BFE81F005A07DD /* Assets.xcassets */,
				E50A39EB23BFE81F005A07DD /* LaunchScreen.storyboard */,
				E50A39EE23BFE81F005A07DD /* Info.plist */,
				E50A39E123BFE81E005A07DD /* CoreDataProject.xcdatamodeld */,
				E50A39E823BFE81F005A07DD /* Preview Content */,
			);
			path = CoreDataProject;
			sourceTree = "<group>";
		};
		E50A39E823BFE81F005A07DD /* Preview Content */ = {
			isa = PBXGroup;
			children = (
				E50A39E923BFE81F005A07DD /* Preview Assets.xcassets */,
			);
			path = "Preview Content";
			sourceTree = "<group>";
		};
/* End PBXGroup section */

/* Begin PBXNativeTarget section */
		E50A39D923BFE81E005A07DD /* CoreDataProject */ = {
			isa = PBXNativeTarget;
			buildConfigurationList = E50A39F123BFE81F005A07DD /* Build configuration list for PBXNativeTarget "CoreDataProject" */;
			buildPhases = (
				E50A39D623BFE81E005A07DD /* Sources */,
				E50A39D723BFE81E005A07DD /* Frameworks */,
				E50A39D823BFE81E005A07DD /* Resources */,
			);
			buildRules = (
			);
			dependencies = (
			);
			name = CoreDataProject;
			productName = CoreDataProject;
			productReference = E50A39DA23BFE81E005A07DD /* CoreDataProject.app */;
			productType = "com.apple.product-type.application";
		};
/* End PBXNativeTarget section */

/* Begin PBXProject section */
		E50A39D223BFE81E005A07DD /* Project object */ = {
			isa = PBXProject;
			attributes = {
				LastSwiftUpdateCheck = 1130;
				LastUpgradeCheck = 1130;
				ORGANIZATIONNAME = "Felix Lin";
				TargetAttributes = {
					E50A39D923BFE81E005A07DD = {
						CreatedOnToolsVersion = 11.3;
					};
				};
			};
			buildConfigurationList = E50A39D523BFE81E005A07DD /* Build configuration list for PBXProject "CoreDataProject" */;
			compatibilityVersion = "Xcode 9.3";
			developmentRegion = en;
			hasScannedForEncodings = 0;
			knownRegions = (
				en,
				Base,
			);
			mainGroup = E50A39D123BFE81E005A07DD;
			productRefGroup = E50A39DB23BFE81E005A07DD /* Products */;
			projectDirPath = "";
			projectRoot = "";
			targets = (
				E50A39D923BFE81E005A07DD /* CoreDataProject */,
			);
		};
/* End PBXProject section */

/* Begin PBXResourcesBuildPhase section */
		E50A39D823BFE81E005A07DD /* Resources */ = {
			isa = PBXResourcesBuildPhase;
			buildActionMask = 2147483647;
			files = (
				E50A39ED23BFE81F005A07DD /* LaunchScreen.storyboard in Resources */,
				E50A39EA23BFE81F005A07DD /* Preview Assets.xcassets in Resources */,
				E50A39E723BFE81F005A07DD /* Assets.xcassets in Resources */,
			);
			runOnlyForDeploymentPostprocessing = 0;
		};
/* End PBXResourcesBuildPhase section */

/* Begin PBXSourcesBuildPhase section */
		E50A39D623BFE81E005A07DD /* Sources */ = {
			isa = PBXSourcesBuildPhase;
			buildActionMask = 2147483647;
			files = (
				E50A39DE23BFE81E005A07DD /* AppDelegate.swift in Sources */,
				E50A39E023BFE81E005A07DD /* SceneDelegate.swift in Sources */,
				E50A39E523BFE81E005A07DD /* ContentView.swift in Sources */,
				E50A39E323BFE81E005A07DD /* CoreDataProject.xcdatamodeld in Sources */,
				E545C2FF23D3AEDC006388E5 /* Candy+CoreDataProperties.swift in Sources */,
				E586EC3723D30C7900B7B015 /* FilteredList.swift in Sources */,
				E545C30023D3AEDC006388E5 /* Country+CoreDataClass.swift in Sources */,
				E545C2FE23D3AEDC006388E5 /* Candy+CoreDataClass.swift in Sources */,
				E545C30123D3AEDC006388E5 /* Country+CoreDataProperties.swift in Sources */,
			);
			runOnlyForDeploymentPostprocessing = 0;
		};
/* End PBXSourcesBuildPhase section */

/* Begin PBXVariantGroup section */
		E50A39EB23BFE81F005A07DD /* LaunchScreen.storyboard */ = {
			isa = PBXVariantGroup;
			children = (
				E50A39EC23BFE81F005A07DD /* Base */,
			);
			name = LaunchScreen.storyboard;
			sourceTree = "<group>";
		};
/* End PBXVariantGroup section */

/* Begin XCBuildConfiguration section */
		E50A39EF23BFE81F005A07DD /* Debug */ = {
			isa = XCBuildConfiguration;
			buildSettings = {
				ALWAYS_SEARCH_USER_PATHS = NO;
				CLANG_ANALYZER_NONNULL = YES;
				CLANG_ANALYZER_NUMBER_OBJECT_CONVERSION = YES_AGGRESSIVE;
				CLANG_CXX_LANGUAGE_STANDARD = "gnu++14";
				CLANG_CXX_LIBRARY = "libc++";
				CLANG_ENABLE_MODULES = YES;
				CLANG_ENABLE_OBJC_ARC = YES;
				CLANG_ENABLE_OBJC_WEAK = YES;
				CLANG_WARN_BLOCK_CAPTURE_AUTORELEASING = YES;
				CLANG_WARN_BOOL_CONVERSION = YES;
				CLANG_WARN_COMMA = YES;
				CLANG_WARN_CONSTANT_CONVERSION = YES;
				CLANG_WARN_DEPRECATED_OBJC_IMPLEMENTATIONS = YES;
				CLANG_WARN_DIRECT_OBJC_ISA_USAGE = YES_ERROR;
				CLANG_WARN_DOCUMENTATION_COMMENTS = YES;
				CLANG_WARN_EMPTY_BODY = YES;
				CLANG_WARN_ENUM_CONVERSION = YES;
				CLANG_WARN_INFINITE_RECURSION = YES;
				CLANG_WARN_INT_CONVERSION = YES;
				CLANG_WARN_NON_LITERAL_NULL_CONVERSION = YES;
				CLANG_WARN_OBJC_IMPLICIT_RETAIN_SELF = YES;
				CLANG_WARN_OBJC_LITERAL_CONVERSION = YES;
				CLANG_WARN_OBJC_ROOT_CLASS = YES_ERROR;
				CLANG_WARN_RANGE_LOOP_ANALYSIS = YES;
				CLANG_WARN_STRICT_PROTOTYPES = YES;
				CLANG_WARN_SUSPICIOUS_MOVE = YES;
				CLANG_WARN_UNGUARDED_AVAILABILITY = YES_AGGRESSIVE;
				CLANG_WARN_UNREACHABLE_CODE = YES;
				CLANG_WARN__DUPLICATE_METHOD_MATCH = YES;
				COPY_PHASE_STRIP = NO;
				DEBUG_INFORMATION_FORMAT = dwarf;
				ENABLE_STRICT_OBJC_MSGSEND = YES;
				ENABLE_TESTABILITY = YES;
				GCC_C_LANGUAGE_STANDARD = gnu11;
				GCC_DYNAMIC_NO_PIC = NO;
				GCC_NO_COMMON_BLOCKS = YES;
				GCC_OPTIMIZATION_LEVEL = 0;
				GCC_PREPROCESSOR_DEFINITIONS = (
					"DEBUG=1",
					"$(inherited)",
				);
				GCC_WARN_64_TO_32_BIT_CONVERSION = YES;
				GCC_WARN_ABOUT_RETURN_TYPE = YES_ERROR;
				GCC_WARN_UNDECLARED_SELECTOR = YES;
				GCC_WARN_UNINITIALIZED_AUTOS = YES_AGGRESSIVE;
				GCC_WARN_UNUSED_FUNCTION = YES;
				GCC_WARN_UNUSED_VARIABLE = YES;
				IPHONEOS_DEPLOYMENT_TARGET = 13.2;
				MTL_ENABLE_DEBUG_INFO = INCLUDE_SOURCE;
				MTL_FAST_MATH = YES;
				ONLY_ACTIVE_ARCH = YES;
				SDKROOT = iphoneos;
				SWIFT_ACTIVE_COMPILATION_CONDITIONS = DEBUG;
				SWIFT_OPTIMIZATION_LEVEL = "-Onone";
			};
			name = Debug;
		};
		E50A39F023BFE81F005A07DD /* Release */ = {
			isa = XCBuildConfiguration;
			buildSettings = {
				ALWAYS_SEARCH_USER_PATHS = NO;
				CLANG_ANALYZER_NONNULL = YES;
				CLANG_ANALYZER_NUMBER_OBJECT_CONVERSION = YES_AGGRESSIVE;
				CLANG_CXX_LANGUAGE_STANDARD = "gnu++14";
				CLANG_CXX_LIBRARY = "libc++";
				CLANG_ENABLE_MODULES = YES;
				CLANG_ENABLE_OBJC_ARC = YES;
				CLANG_ENABLE_OBJC_WEAK = YES;
				CLANG_WARN_BLOCK_CAPTURE_AUTORELEASING = YES;
				CLANG_WARN_BOOL_CONVERSION = YES;
				CLANG_WARN_COMMA = YES;
				CLANG_WARN_CONSTANT_CONVERSION = YES;
				CLANG_WARN_DEPRECATED_OBJC_IMPLEMENTATIONS = YES;
				CLANG_WARN_DIRECT_OBJC_ISA_USAGE = YES_ERROR;
				CLANG_WARN_DOCUMENTATION_COMMENTS = YES;
				CLANG_WARN_EMPTY_BODY = YES;
				CLANG_WARN_ENUM_CONVERSION = YES;
				CLANG_WARN_INFINITE_RECURSION = YES;
				CLANG_WARN_INT_CONVERSION = YES;
				CLANG_WARN_NON_LITERAL_NULL_CONVERSION = YES;
				CLANG_WARN_OBJC_IMPLICIT_RETAIN_SELF = YES;
				CLANG_WARN_OBJC_LITERAL_CONVERSION = YES;
				CLANG_WARN_OBJC_ROOT_CLASS = YES_ERROR;
				CLANG_WARN_RANGE_LOOP_ANALYSIS = YES;
				CLANG_WARN_STRICT_PROTOTYPES = YES;
				CLANG_WARN_SUSPICIOUS_MOVE = YES;
				CLANG_WARN_UNGUARDED_AVAILABILITY = YES_AGGRESSIVE;
				CLANG_WARN_UNREACHABLE_CODE = YES;
				CLANG_WARN__DUPLICATE_METHOD_MATCH = YES;
				COPY_PHASE_STRIP = NO;
				DEBUG_INFORMATION_FORMAT = "dwarf-with-dsym";
				ENABLE_NS_ASSERTIONS = NO;
				ENABLE_STRICT_OBJC_MSGSEND = YES;
				GCC_C_LANGUAGE_STANDARD = gnu11;
				GCC_NO_COMMON_BLOCKS = YES;
				GCC_WARN_64_TO_32_BIT_CONVERSION = YES;
				GCC_WARN_ABOUT_RETURN_TYPE = YES_ERROR;
				GCC_WARN_UNDECLARED_SELECTOR = YES;
				GCC_WARN_UNINITIALIZED_AUTOS = YES_AGGRESSIVE;
				GCC_WARN_UNUSED_FUNCTION = YES;
				GCC_WARN_UNUSED_VARIABLE = YES;
				IPHONEOS_DEPLOYMENT_TARGET = 13.2;
				MTL_ENABLE_DEBUG_INFO = NO;
				MTL_FAST_MATH = YES;
				SDKROOT = iphoneos;
				SWIFT_COMPILATION_MODE = wholemodule;
				SWIFT_OPTIMIZATION_LEVEL = "-O";
				VALIDATE_PRODUCT = YES;
			};
			name = Release;
		};
		E50A39F223BFE81F005A07DD /* Debug */ = {
			isa = XCBuildConfiguration;
			buildSettings = {
				ASSETCATALOG_COMPILER_APPICON_NAME = AppIcon;
				CODE_SIGN_STYLE = Automatic;
				DEVELOPMENT_ASSET_PATHS = "\"CoreDataProject/Preview Content\"";
				DEVELOPMENT_TEAM = MVGPSPVTNC;
				ENABLE_PREVIEWS = YES;
				INFOPLIST_FILE = CoreDataProject/Info.plist;
				LD_RUNPATH_SEARCH_PATHS = (
					"$(inherited)",
					"@executable_path/Frameworks",
				);
				PRODUCT_BUNDLE_IDENTIFIER = com.felix.CoreDataProject;
				PRODUCT_NAME = "$(TARGET_NAME)";
				SWIFT_VERSION = 5.0;
				TARGETED_DEVICE_FAMILY = "1,2";
			};
			name = Debug;
		};
		E50A39F323BFE81F005A07DD /* Release */ = {
			isa = XCBuildConfiguration;
			buildSettings = {
				ASSETCATALOG_COMPILER_APPICON_NAME = AppIcon;
				CODE_SIGN_STYLE = Automatic;
				DEVELOPMENT_ASSET_PATHS = "\"CoreDataProject/Preview Content\"";
				DEVELOPMENT_TEAM = MVGPSPVTNC;
				ENABLE_PREVIEWS = YES;
				INFOPLIST_FILE = CoreDataProject/Info.plist;
				LD_RUNPATH_SEARCH_PATHS = (
					"$(inherited)",
					"@executable_path/Frameworks",
				);
				PRODUCT_BUNDLE_IDENTIFIER = com.felix.CoreDataProject;
				PRODUCT_NAME = "$(TARGET_NAME)";
				SWIFT_VERSION = 5.0;
				TARGETED_DEVICE_FAMILY = "1,2";
			};
			name = Release;
		};
/* End XCBuildConfiguration section */

/* Begin XCConfigurationList section */
		E50A39D523BFE81E005A07DD /* Build configuration list for PBXProject "CoreDataProject" */ = {
			isa = XCConfigurationList;
			buildConfigurations = (
				E50A39EF23BFE81F005A07DD /* Debug */,
				E50A39F023BFE81F005A07DD /* Release */,
			);
			defaultConfigurationIsVisible = 0;
			defaultConfigurationName = Release;
		};
		E50A39F123BFE81F005A07DD /* Build configuration list for PBXNativeTarget "CoreDataProject" */ = {
			isa = XCConfigurationList;
			buildConfigurations = (
				E50A39F223BFE81F005A07DD /* Debug */,
				E50A39F323BFE81F005A07DD /* Release */,
			);
			defaultConfigurationIsVisible = 0;
			defaultConfigurationName = Release;
		};
/* End XCConfigurationList section */

/* Begin XCVersionGroup section */
		E50A39E123BFE81E005A07DD /* CoreDataProject.xcdatamodeld */ = {
			isa = XCVersionGroup;
			children = (
				E50A39E223BFE81E005A07DD /* CoreDataProject.xcdatamodel */,
			);
			currentVersion = E50A39E223BFE81E005A07DD /* CoreDataProject.xcdatamodel */;
			path = CoreDataProject.xcdatamodeld;
			sourceTree = "<group>";
			versionGroupType = wrapper.xcdatamodel;
		};
/* End XCVersionGroup section */
	};
	rootObject = E50A39D223BFE81E005A07DD /* Project object */;
}
