// !$*UTF8*$!
{
	archiveVersion = 1;
	classes = {
	};
	objectVersion = 50;
	objects = {

/* Begin PBXBuildFile section */
		E59F617023BA8D6A0010EE35 /* AddBookView.swift in Sources */ = {isa = PBXBuildFile; fileRef = E59F616F23BA8D6A0010EE35 /* AddBookView.swift */; };
		E59F617223BA902F0010EE35 /* RatingView.swift in Sources */ = {isa = PBXBuildFile; fileRef = E59F617123BA902F0010EE35 /* RatingView.swift */; };
		E59F617423BA91640010EE35 /* EmojiRatingView.swift in Sources */ = {isa = PBXBuildFile; fileRef = E59F617323BA91640010EE35 /* EmojiRatingView.swift */; };
		E5C3EC4E23B9ADAE00EE9F95 /* AppDelegate.swift in Sources */ = {isa = PBXBuildFile; fileRef = E5C3EC4D23B9ADAE00EE9F95 /* AppDelegate.swift */; };
		E5C3EC5023B9ADAE00EE9F95 /* SceneDelegate.swift in Sources */ = {isa = PBXBuildFile; fileRef = E5C3EC4F23B9ADAE00EE9F95 /* SceneDelegate.swift */; };
		E5C3EC5323B9ADAE00EE9F95 /* Bookworm.xcdatamodeld in Sources */ = {isa = PBXBuildFile; fileRef = E5C3EC5123B9ADAE00EE9F95 /* Bookworm.xcdatamodeld */; };
		E5C3EC5523B9ADAE00EE9F95 /* ContentView.swift in Sources */ = {isa = PBXBuildFile; fileRef = E5C3EC5423B9ADAE00EE9F95 /* ContentView.swift */; };
		E5C3EC5723B9ADAF00EE9F95 /* Assets.xcassets in Resources */ = {isa = PBXBuildFile; fileRef = E5C3EC5623B9ADAF00EE9F95 /* Assets.xcassets */; };
		E5C3EC5A23B9ADAF00EE9F95 /* Preview Assets.xcassets in Resources */ = {isa = PBXBuildFile; fileRef = E5C3EC5923B9ADAF00EE9F95 /* Preview Assets.xcassets */; };
		E5C3EC5D23B9ADAF00EE9F95 /* LaunchScreen.storyboard in Resources */ = {isa = PBXBuildFile; fileRef = E5C3EC5B23B9ADAF00EE9F95 /* LaunchScreen.storyboard */; };
/* End PBXBuildFile section */

/* Begin PBXFileReference section */
		E59F616F23BA8D6A0010EE35 /* AddBookView.swift */ = {isa = PBXFileReference; lastKnownFileType = sourcecode.swift; path = AddBookView.swift; sourceTree = "<group>"; };
		E59F617123BA902F0010EE35 /* RatingView.swift */ = {isa = PBXFileReference; lastKnownFileType = sourcecode.swift; path = RatingView.swift; sourceTree = "<group>"; };
		E59F617323BA91640010EE35 /* EmojiRatingView.swift */ = {isa = PBXFileReference; lastKnownFileType = sourcecode.swift; path = EmojiRatingView.swift; sourceTree = "<group>"; };
		E5C3EC4A23B9ADAE00EE9F95 /* Bookworm.app */ = {isa = PBXFileReference; explicitFileType = wrapper.application; includeInIndex = 0; path = Bookworm.app; sourceTree = BUILT_PRODUCTS_DIR; };
		E5C3EC4D23B9ADAE00EE9F95 /* AppDelegate.swift */ = {isa = PBXFileReference; lastKnownFileType = sourcecode.swift; path = AppDelegate.swift; sourceTree = "<group>"; };
		E5C3EC4F23B9ADAE00EE9F95 /* SceneDelegate.swift */ = {isa = PBXFileReference; lastKnownFileType = sourcecode.swift; path = SceneDelegate.swift; sourceTree = "<group>"; };
		E5C3EC5223B9ADAE00EE9F95 /* Bookworm.xcdatamodel */ = {isa = PBXFileReference; lastKnownFileType = wrapper.xcdatamodel; path = Bookworm.xcdatamodel; sourceTree = "<group>"; };
		E5C3EC5423B9ADAE00EE9F95 /* ContentView.swift */ = {isa = PBXFileReference; lastKnownFileType = sourcecode.swift; path = ContentView.swift; sourceTree = "<group>"; };
		E5C3EC5623B9ADAF00EE9F95 /* Assets.xcassets */ = {isa = PBXFileReference; lastKnownFileType = folder.assetcatalog; path = Assets.xcassets; sourceTree = "<group>"; };
		E5C3EC5923B9ADAF00EE9F95 /* Preview Assets.xcassets */ = {isa = PBXFileReference; lastKnownFileType = folder.assetcatalog; path = "Preview Assets.xcassets"; sourceTree = "<group>"; };
		E5C3EC5C23B9ADAF00EE9F95 /* Base */ = {isa = PBXFileReference; lastKnownFileType = file.storyboard; name = Base; path = Base.lproj/LaunchScreen.storyboard; sourceTree = "<group>"; };
		E5C3EC5E23B9ADAF00EE9F95 /* Info.plist */ = {isa = PBXFileReference; lastKnownFileType = text.plist.xml; path = Info.plist; sourceTree = "<group>"; };
/* End PBXFileReference section */

/* Begin PBXFrameworksBuildPhase section */
		E5C3EC4723B9ADAE00EE9F95 /* Frameworks */ = {
			isa = PBXFrameworksBuildPhase;
			buildActionMask = 2147483647;
			files = (
			);
			runOnlyForDeploymentPostprocessing = 0;
		};
/* End PBXFrameworksBuildPhase section */

/* Begin PBXGroup section */
		E5C3EC4123B9ADAE00EE9F95 = {
			isa = PBXGroup;
			children = (
				E5C3EC4C23B9ADAE00EE9F95 /* Bookworm */,
				E5C3EC4B23B9ADAE00EE9F95 /* Products */,
			);
			sourceTree = "<group>";
		};
		E5C3EC4B23B9ADAE00EE9F95 /* Products */ = {
			isa = PBXGroup;
			children = (
				E5C3EC4A23B9ADAE00EE9F95 /* Bookworm.app */,
			);
			name = Products;
			sourceTree = "<group>";
		};
		E5C3EC4C23B9ADAE00EE9F95 /* Bookworm */ = {
			isa = PBXGroup;
			children = (
				E5C3EC4D23B9ADAE00EE9F95 /* AppDelegate.swift */,
				E5C3EC4F23B9ADAE00EE9F95 /* SceneDelegate.swift */,
				E5C3EC5423B9ADAE00EE9F95 /* ContentView.swift */,
				E59F616F23BA8D6A0010EE35 /* AddBookView.swift */,
				E59F617123BA902F0010EE35 /* RatingView.swift */,
				E59F617323BA91640010EE35 /* EmojiRatingView.swift */,
				E5C3EC5623B9ADAF00EE9F95 /* Assets.xcassets */,
				E5C3EC5B23B9ADAF00EE9F95 /* LaunchScreen.storyboard */,
				E5C3EC5E23B9ADAF00EE9F95 /* Info.plist */,
				E5C3EC5123B9ADAE00EE9F95 /* Bookworm.xcdatamodeld */,
				E5C3EC5823B9ADAF00EE9F95 /* Preview Content */,
			);
			path = Bookworm;
			sourceTree = "<group>";
		};
		E5C3EC5823B9ADAF00EE9F95 /* Preview Content */ = {
			isa = PBXGroup;
			children = (
				E5C3EC5923B9ADAF00EE9F95 /* Preview Assets.xcassets */,
			);
			path = "Preview Content";
			sourceTree = "<group>";
		};
/* End PBXGroup section */

/* Begin PBXNativeTarget section */
		E5C3EC4923B9ADAE00EE9F95 /* Bookworm */ = {
			isa = PBXNativeTarget;
			buildConfigurationList = E5C3EC6123B9ADAF00EE9F95 /* Build configuration list for PBXNativeTarget "Bookworm" */;
			buildPhases = (
				E5C3EC4623B9ADAE00EE9F95 /* Sources */,
				E5C3EC4723B9ADAE00EE9F95 /* Frameworks */,
				E5C3EC4823B9ADAE00EE9F95 /* Resources */,
			);
			buildRules = (
			);
			dependencies = (
			);
			name = Bookworm;
			productName = Bookworm;
			productReference = E5C3EC4A23B9ADAE00EE9F95 /* Bookworm.app */;
			productType = "com.apple.product-type.application";
		};
/* End PBXNativeTarget section */

/* Begin PBXProject section */
		E5C3EC4223B9ADAE00EE9F95 /* Project object */ = {
			isa = PBXProject;
			attributes = {
				LastSwiftUpdateCheck = 1130;
				LastUpgradeCheck = 1130;
				ORGANIZATIONNAME = "Felix Lin";
				TargetAttributes = {
					E5C3EC4923B9ADAE00EE9F95 = {
						CreatedOnToolsVersion = 11.3;
					};
				};
			};
			buildConfigurationList = E5C3EC4523B9ADAE00EE9F95 /* Build configuration list for PBXProject "Bookworm" */;
			compatibilityVersion = "Xcode 9.3";
			developmentRegion = en;
			hasScannedForEncodings = 0;
			knownRegions = (
				en,
				Base,
			);
			mainGroup = E5C3EC4123B9ADAE00EE9F95;
			productRefGroup = E5C3EC4B23B9ADAE00EE9F95 /* Products */;
			projectDirPath = "";
			projectRoot = "";
			targets = (
				E5C3EC4923B9ADAE00EE9F95 /* Bookworm */,
			);
		};
/* End PBXProject section */

/* Begin PBXResourcesBuildPhase section */
		E5C3EC4823B9ADAE00EE9F95 /* Resources */ = {
			isa = PBXResourcesBuildPhase;
			buildActionMask = 2147483647;
			files = (
				E5C3EC5D23B9ADAF00EE9F95 /* LaunchScreen.storyboard in Resources */,
				E5C3EC5A23B9ADAF00EE9F95 /* Preview Assets.xcassets in Resources */,
				E5C3EC5723B9ADAF00EE9F95 /* Assets.xcassets in Resources */,
			);
			runOnlyForDeploymentPostprocessing = 0;
		};
/* End PBXResourcesBuildPhase section */

/* Begin PBXSourcesBuildPhase section */
		E5C3EC4623B9ADAE00EE9F95 /* Sources */ = {
			isa = PBXSourcesBuildPhase;
			buildActionMask = 2147483647;
			files = (
				E5C3EC4E23B9ADAE00EE9F95 /* AppDelegate.swift in Sources */,
				E5C3EC5323B9ADAE00EE9F95 /* Bookworm.xcdatamodeld in Sources */,
				E59F617423BA91640010EE35 /* EmojiRatingView.swift in Sources */,
				E5C3EC5523B9ADAE00EE9F95 /* ContentView.swift in Sources */,
				E59F617223BA902F0010EE35 /* RatingView.swift in Sources */,
				E5C3EC5023B9ADAE00EE9F95 /* SceneDelegate.swift in Sources */,
				E59F617023BA8D6A0010EE35 /* AddBookView.swift in Sources */,
			);
			runOnlyForDeploymentPostprocessing = 0;
		};
/* End PBXSourcesBuildPhase section */

/* Begin PBXVariantGroup section */
		E5C3EC5B23B9ADAF00EE9F95 /* LaunchScreen.storyboard */ = {
			isa = PBXVariantGroup;
			children = (
				E5C3EC5C23B9ADAF00EE9F95 /* Base */,
			);
			name = LaunchScreen.storyboard;
			sourceTree = "<group>";
		};
/* End PBXVariantGroup section */

/* Begin XCBuildConfiguration section */
		E5C3EC5F23B9ADAF00EE9F95 /* Debug */ = {
			isa = XCBuildConfiguration;
			buildSettings = {
				ALWAYS_SEARCH_USER_PATHS = NO;
				CLANG_ANALYZER_NONNULL = YES;
				CLANG_ANALYZER_NUMBER_OBJECT_CONVERSION = YES_AGGRESSIVE;
				CLANG_CXX_LANGUAGE_STANDARD = "gnu++14";
				CLANG_CXX_LIBRARY = "libc++";
				CLANG_ENABLE_MODULES = YES;
				CLANG_ENABLE_OBJC_ARC = YES;
				CLANG_ENABLE_OBJC_WEAK = YES;
				CLANG_WARN_BLOCK_CAPTURE_AUTORELEASING = YES;
				CLANG_WARN_BOOL_CONVERSION = YES;
				CLANG_WARN_COMMA = YES;
				CLANG_WARN_CONSTANT_CONVERSION = YES;
				CLANG_WARN_DEPRECATED_OBJC_IMPLEMENTATIONS = YES;
				CLANG_WARN_DIRECT_OBJC_ISA_USAGE = YES_ERROR;
				CLANG_WARN_DOCUMENTATION_COMMENTS = YES;
				CLANG_WARN_EMPTY_BODY = YES;
				CLANG_WARN_ENUM_CONVERSION = YES;
				CLANG_WARN_INFINITE_RECURSION = YES;
				CLANG_WARN_INT_CONVERSION = YES;
				CLANG_WARN_NON_LITERAL_NULL_CONVERSION = YES;
				CLANG_WARN_OBJC_IMPLICIT_RETAIN_SELF = YES;
				CLANG_WARN_OBJC_LITERAL_CONVERSION = YES;
				CLANG_WARN_OBJC_ROOT_CLASS = YES_ERROR;
				CLANG_WARN_RANGE_LOOP_ANALYSIS = YES;
				CLANG_WARN_STRICT_PROTOTYPES = YES;
				CLANG_WARN_SUSPICIOUS_MOVE = YES;
				CLANG_WARN_UNGUARDED_AVAILABILITY = YES_AGGRESSIVE;
				CLANG_WARN_UNREACHABLE_CODE = YES;
				CLANG_WARN__DUPLICATE_METHOD_MATCH = YES;
				COPY_PHASE_STRIP = NO;
				DEBUG_INFORMATION_FORMAT = dwarf;
				ENABLE_STRICT_OBJC_MSGSEND = YES;
				ENABLE_TESTABILITY = YES;
				GCC_C_LANGUAGE_STANDARD = gnu11;
				GCC_DYNAMIC_NO_PIC = NO;
				GCC_NO_COMMON_BLOCKS = YES;
				GCC_OPTIMIZATION_LEVEL = 0;
				GCC_PREPROCESSOR_DEFINITIONS = (
					"DEBUG=1",
					"$(inherited)",
				);
				GCC_WARN_64_TO_32_BIT_CONVERSION = YES;
				GCC_WARN_ABOUT_RETURN_TYPE = YES_ERROR;
				GCC_WARN_UNDECLARED_SELECTOR = YES;
				GCC_WARN_UNINITIALIZED_AUTOS = YES_AGGRESSIVE;
				GCC_WARN_UNUSED_FUNCTION = YES;
				GCC_WARN_UNUSED_VARIABLE = YES;
				IPHONEOS_DEPLOYMENT_TARGET = 13.2;
				MTL_ENABLE_DEBUG_INFO = INCLUDE_SOURCE;
				MTL_FAST_MATH = YES;
				ONLY_ACTIVE_ARCH = YES;
				SDKROOT = iphoneos;
				SWIFT_ACTIVE_COMPILATION_CONDITIONS = DEBUG;
				SWIFT_OPTIMIZATION_LEVEL = "-Onone";
			};
			name = Debug;
		};
		E5C3EC6023B9ADAF00EE9F95 /* Release */ = {
			isa = XCBuildConfiguration;
			buildSettings = {
				ALWAYS_SEARCH_USER_PATHS = NO;
				CLANG_ANALYZER_NONNULL = YES;
				CLANG_ANALYZER_NUMBER_OBJECT_CONVERSION = YES_AGGRESSIVE;
				CLANG_CXX_LANGUAGE_STANDARD = "gnu++14";
				CLANG_CXX_LIBRARY = "libc++";
				CLANG_ENABLE_MODULES = YES;
				CLANG_ENABLE_OBJC_ARC = YES;
				CLANG_ENABLE_OBJC_WEAK = YES;
				CLANG_WARN_BLOCK_CAPTURE_AUTORELEASING = YES;
				CLANG_WARN_BOOL_CONVERSION = YES;
				CLANG_WARN_COMMA = YES;
				CLANG_WARN_CONSTANT_CONVERSION = YES;
				CLANG_WARN_DEPRECATED_OBJC_IMPLEMENTATIONS = YES;
				CLANG_WARN_DIRECT_OBJC_ISA_USAGE = YES_ERROR;
				CLANG_WARN_DOCUMENTATION_COMMENTS = YES;
				CLANG_WARN_EMPTY_BODY = YES;
				CLANG_WARN_ENUM_CONVERSION = YES;
				CLANG_WARN_INFINITE_RECURSION = YES;
				CLANG_WARN_INT_CONVERSION = YES;
				CLANG_WARN_NON_LITERAL_NULL_CONVERSION = YES;
				CLANG_WARN_OBJC_IMPLICIT_RETAIN_SELF = YES;
				CLANG_WARN_OBJC_LITERAL_CONVERSION = YES;
				CLANG_WARN_OBJC_ROOT_CLASS = YES_ERROR;
				CLANG_WARN_RANGE_LOOP_ANALYSIS = YES;
				CLANG_WARN_STRICT_PROTOTYPES = YES;
				CLANG_WARN_SUSPICIOUS_MOVE = YES;
				CLANG_WARN_UNGUARDED_AVAILABILITY = YES_AGGRESSIVE;
				CLANG_WARN_UNREACHABLE_CODE = YES;
				CLANG_WARN__DUPLICATE_METHOD_MATCH = YES;
				COPY_PHASE_STRIP = NO;
				DEBUG_INFORMATION_FORMAT = "dwarf-with-dsym";
				ENABLE_NS_ASSERTIONS = NO;
				ENABLE_STRICT_OBJC_MSGSEND = YES;
				GCC_C_LANGUAGE_STANDARD = gnu11;
				GCC_NO_COMMON_BLOCKS = YES;
				GCC_WARN_64_TO_32_BIT_CONVERSION = YES;
				GCC_WARN_ABOUT_RETURN_TYPE = YES_ERROR;
				GCC_WARN_UNDECLARED_SELECTOR = YES;
				GCC_WARN_UNINITIALIZED_AUTOS = YES_AGGRESSIVE;
				GCC_WARN_UNUSED_FUNCTION = YES;
				GCC_WARN_UNUSED_VARIABLE = YES;
				IPHONEOS_DEPLOYMENT_TARGET = 13.2;
				MTL_ENABLE_DEBUG_INFO = NO;
				MTL_FAST_MATH = YES;
				SDKROOT = iphoneos;
				SWIFT_COMPILATION_MODE = wholemodule;
				SWIFT_OPTIMIZATION_LEVEL = "-O";
				VALIDATE_PRODUCT = YES;
			};
			name = Release;
		};
		E5C3EC6223B9ADAF00EE9F95 /* Debug */ = {
			isa = XCBuildConfiguration;
			buildSettings = {
				ASSETCATALOG_COMPILER_APPICON_NAME = AppIcon;
				CODE_SIGN_STYLE = Automatic;
				DEVELOPMENT_ASSET_PATHS = "\"Bookworm/Preview Content\"";
				DEVELOPMENT_TEAM = MVGPSPVTNC;
				ENABLE_PREVIEWS = YES;
				INFOPLIST_FILE = Bookworm/Info.plist;
				LD_RUNPATH_SEARCH_PATHS = (
					"$(inherited)",
					"@executable_path/Frameworks",
				);
				PRODUCT_BUNDLE_IDENTIFIER = com.felix.Bookworm;
				PRODUCT_NAME = "$(TARGET_NAME)";
				SWIFT_VERSION = 5.0;
				TARGETED_DEVICE_FAMILY = "1,2";
			};
			name = Debug;
		};
		E5C3EC6323B9ADAF00EE9F95 /* Release */ = {
			isa = XCBuildConfiguration;
			buildSettings = {
				ASSETCATALOG_COMPILER_APPICON_NAME = AppIcon;
				CODE_SIGN_STYLE = Automatic;
				DEVELOPMENT_ASSET_PATHS = "\"Bookworm/Preview Content\"";
				DEVELOPMENT_TEAM = MVGPSPVTNC;
				ENABLE_PREVIEWS = YES;
				INFOPLIST_FILE = Bookworm/Info.plist;
				LD_RUNPATH_SEARCH_PATHS = (
					"$(inherited)",
					"@executable_path/Frameworks",
				);
				PRODUCT_BUNDLE_IDENTIFIER = com.felix.Bookworm;
				PRODUCT_NAME = "$(TARGET_NAME)";
				SWIFT_VERSION = 5.0;
				TARGETED_DEVICE_FAMILY = "1,2";
			};
			name = Release;
		};
/* End XCBuildConfiguration section */

/* Begin XCConfigurationList section */
		E5C3EC4523B9ADAE00EE9F95 /* Build configuration list for PBXProject "Bookworm" */ = {
			isa = XCConfigurationList;
			buildConfigurations = (
				E5C3EC5F23B9ADAF00EE9F95 /* Debug */,
				E5C3EC6023B9ADAF00EE9F95 /* Release */,
			);
			defaultConfigurationIsVisible = 0;
			defaultConfigurationName = Release;
		};
		E5C3EC6123B9ADAF00EE9F95 /* Build configuration list for PBXNativeTarget "Bookworm" */ = {
			isa = XCConfigurationList;
			buildConfigurations = (
				E5C3EC6223B9ADAF00EE9F95 /* Debug */,
				E5C3EC6323B9ADAF00EE9F95 /* Release */,
			);
			defaultConfigurationIsVisible = 0;
			defaultConfigurationName = Release;
		};
/* End XCConfigurationList section */

/* Begin XCVersionGroup section */
		E5C3EC5123B9ADAE00EE9F95 /* Bookworm.xcdatamodeld */ = {
			isa = XCVersionGroup;
			children = (
				E5C3EC5223B9ADAE00EE9F95 /* Bookworm.xcdatamodel */,
			);
			currentVersion = E5C3EC5223B9ADAE00EE9F95 /* Bookworm.xcdatamodel */;
			path = Bookworm.xcdatamodeld;
			sourceTree = "<group>";
			versionGroupType = wrapper.xcdatamodel;
		};
/* End XCVersionGroup section */
	};
	rootObject = E5C3EC4223B9ADAE00EE9F95 /* Project object */;
}
