// !$*UTF8*$!
{
	archiveVersion = 1;
	classes = {
	};
	objectVersion = 50;
	objects = {

/* Begin PBXBuildFile section */
		C2BB3FBD240D9CDB00F4C0EC /* AppDelegate.swift in Sources */ = {isa = PBXBuildFile; fileRef = C2BB3FBC240D9CDB00F4C0EC /* AppDelegate.swift */; };
		C2BB3FBF240D9CDB00F4C0EC /* SceneDelegate.swift in Sources */ = {isa = PBXBuildFile; fileRef = C2BB3FBE240D9CDB00F4C0EC /* SceneDelegate.swift */; };
		C2BB3FC1240D9CDB00F4C0EC /* ContentView.swift in Sources */ = {isa = PBXBuildFile; fileRef = C2BB3FC0240D9CDB00F4C0EC /* ContentView.swift */; };
		C2BB3FC3240D9CDC00F4C0EC /* Assets.xcassets in Resources */ = {isa = PBXBuildFile; fileRef = C2BB3FC2240D9CDC00F4C0EC /* Assets.xcassets */; };
		C2BB3FC6240D9CDC00F4C0EC /* Preview Assets.xcassets in Resources */ = {isa = PBXBuildFile; fileRef = C2BB3FC5240D9CDC00F4C0EC /* Preview Assets.xcassets */; };
		C2BB3FC9240D9CDC00F4C0EC /* LaunchScreen.storyboard in Resources */ = {isa = PBXBuildFile; fileRef = C2BB3FC7240D9CDC00F4C0EC /* LaunchScreen.storyboard */; };
/* End PBXBuildFile section */

/* Begin PBXFileReference section */
		C2BB3FB9240D9CDB00F4C0EC /* BarChartAnimations.app */ = {isa = PBXFileReference; explicitFileType = wrapper.application; includeInIndex = 0; path = BarChartAnimations.app; sourceTree = BUILT_PRODUCTS_DIR; };
		C2BB3FBC240D9CDB00F4C0EC /* AppDelegate.swift */ = {isa = PBXFileReference; lastKnownFileType = sourcecode.swift; path = AppDelegate.swift; sourceTree = "<group>"; };
		C2BB3FBE240D9CDB00F4C0EC /* SceneDelegate.swift */ = {isa = PBXFileReference; lastKnownFileType = sourcecode.swift; path = SceneDelegate.swift; sourceTree = "<group>"; };
		C2BB3FC0240D9CDB00F4C0EC /* ContentView.swift */ = {isa = PBXFileReference; lastKnownFileType = sourcecode.swift; path = ContentView.swift; sourceTree = "<group>"; };
		C2BB3FC2240D9CDC00F4C0EC /* Assets.xcassets */ = {isa = PBXFileReference; lastKnownFileType = folder.assetcatalog; path = Assets.xcassets; sourceTree = "<group>"; };
		C2BB3FC5240D9CDC00F4C0EC /* Preview Assets.xcassets */ = {isa = PBXFileReference; lastKnownFileType = folder.assetcatalog; path = "Preview Assets.xcassets"; sourceTree = "<group>"; };
		C2BB3FC8240D9CDC00F4C0EC /* Base */ = {isa = PBXFileReference; lastKnownFileType = file.storyboard; name = Base; path = Base.lproj/LaunchScreen.storyboard; sourceTree = "<group>"; };
		C2BB3FCA240D9CDC00F4C0EC /* Info.plist */ = {isa = PBXFileReference; lastKnownFileType = text.plist.xml; path = Info.plist; sourceTree = "<group>"; };
/* End PBXFileReference section */

/* Begin PBXFrameworksBuildPhase section */
		C2BB3FB6240D9CDB00F4C0EC /* Frameworks */ = {
			isa = PBXFrameworksBuildPhase;
			buildActionMask = 2147483647;
			files = (
			);
			runOnlyForDeploymentPostprocessing = 0;
		};
/* End PBXFrameworksBuildPhase section */

/* Begin PBXGroup section */
		C2BB3FB0240D9CDB00F4C0EC = {
			isa = PBXGroup;
			children = (
				C2BB3FBB240D9CDB00F4C0EC /* BarChartAnimations */,
				C2BB3FBA240D9CDB00F4C0EC /* Products */,
			);
			sourceTree = "<group>";
		};
		C2BB3FBA240D9CDB00F4C0EC /* Products */ = {
			isa = PBXGroup;
			children = (
				C2BB3FB9240D9CDB00F4C0EC /* BarChartAnimations.app */,
			);
			name = Products;
			sourceTree = "<group>";
		};
		C2BB3FBB240D9CDB00F4C0EC /* BarChartAnimations */ = {
			isa = PBXGroup;
			children = (
				C2BB3FBC240D9CDB00F4C0EC /* AppDelegate.swift */,
				C2BB3FBE240D9CDB00F4C0EC /* SceneDelegate.swift */,
				C2BB3FC0240D9CDB00F4C0EC /* ContentView.swift */,
				C2BB3FC2240D9CDC00F4C0EC /* Assets.xcassets */,
				C2BB3FC7240D9CDC00F4C0EC /* LaunchScreen.storyboard */,
				C2BB3FCA240D9CDC00F4C0EC /* Info.plist */,
				C2BB3FC4240D9CDC00F4C0EC /* Preview Content */,
			);
			path = BarChartAnimations;
			sourceTree = "<group>";
		};
		C2BB3FC4240D9CDC00F4C0EC /* Preview Content */ = {
			isa = PBXGroup;
			children = (
				C2BB3FC5240D9CDC00F4C0EC /* Preview Assets.xcassets */,
			);
			path = "Preview Content";
			sourceTree = "<group>";
		};
/* End PBXGroup section */

/* Begin PBXNativeTarget section */
		C2BB3FB8240D9CDB00F4C0EC /* BarChartAnimations */ = {
			isa = PBXNativeTarget;
			buildConfigurationList = C2BB3FCD240D9CDC00F4C0EC /* Build configuration list for PBXNativeTarget "BarChartAnimations" */;
			buildPhases = (
				C2BB3FB5240D9CDB00F4C0EC /* Sources */,
				C2BB3FB6240D9CDB00F4C0EC /* Frameworks */,
				C2BB3FB7240D9CDB00F4C0EC /* Resources */,
			);
			buildRules = (
			);
			dependencies = (
			);
			name = BarChartAnimations;
			productName = BarChartAnimations;
			productReference = C2BB3FB9240D9CDB00F4C0EC /* BarChartAnimations.app */;
			productType = "com.apple.product-type.application";
		};
/* End PBXNativeTarget section */

/* Begin PBXProject section */
		C2BB3FB1240D9CDB00F4C0EC /* Project object */ = {
			isa = PBXProject;
			attributes = {
				LastSwiftUpdateCheck = 1130;
				LastUpgradeCheck = 1130;
				ORGANIZATIONNAME = "Felix Lin";
				TargetAttributes = {
					C2BB3FB8240D9CDB00F4C0EC = {
						CreatedOnToolsVersion = 11.3.1;
					};
				};
			};
			buildConfigurationList = C2BB3FB4240D9CDB00F4C0EC /* Build configuration list for PBXProject "BarChartAnimations" */;
			compatibilityVersion = "Xcode 9.3";
			developmentRegion = en;
			hasScannedForEncodings = 0;
			knownRegions = (
				en,
				Base,
			);
			mainGroup = C2BB3FB0240D9CDB00F4C0EC;
			productRefGroup = C2BB3FBA240D9CDB00F4C0EC /* Products */;
			projectDirPath = "";
			projectRoot = "";
			targets = (
				C2BB3FB8240D9CDB00F4C0EC /* BarChartAnimations */,
			);
		};
/* End PBXProject section */

/* Begin PBXResourcesBuildPhase section */
		C2BB3FB7240D9CDB00F4C0EC /* Resources */ = {
			isa = PBXResourcesBuildPhase;
			buildActionMask = 2147483647;
			files = (
				C2BB3FC9240D9CDC00F4C0EC /* LaunchScreen.storyboard in Resources */,
				C2BB3FC6240D9CDC00F4C0EC /* Preview Assets.xcassets in Resources */,
				C2BB3FC3240D9CDC00F4C0EC /* Assets.xcassets in Resources */,
			);
			runOnlyForDeploymentPostprocessing = 0;
		};
/* End PBXResourcesBuildPhase section */

/* Begin PBXSourcesBuildPhase section */
		C2BB3FB5240D9CDB00F4C0EC /* Sources */ = {
			isa = PBXSourcesBuildPhase;
			buildActionMask = 2147483647;
			files = (
				C2BB3FBD240D9CDB00F4C0EC /* AppDelegate.swift in Sources */,
				C2BB3FBF240D9CDB00F4C0EC /* SceneDelegate.swift in Sources */,
				C2BB3FC1240D9CDB00F4C0EC /* ContentView.swift in Sources */,
			);
			runOnlyForDeploymentPostprocessing = 0;
		};
/* End PBXSourcesBuildPhase section */

/* Begin PBXVariantGroup section */
		C2BB3FC7240D9CDC00F4C0EC /* LaunchScreen.storyboard */ = {
			isa = PBXVariantGroup;
			children = (
				C2BB3FC8240D9CDC00F4C0EC /* Base */,
			);
			name = LaunchScreen.storyboard;
			sourceTree = "<group>";
		};
/* End PBXVariantGroup section */

/* Begin XCBuildConfiguration section */
		C2BB3FCB240D9CDC00F4C0EC /* Debug */ = {
			isa = XCBuildConfiguration;
			buildSettings = {
				ALWAYS_SEARCH_USER_PATHS = NO;
				CLANG_ANALYZER_NONNULL = YES;
				CLANG_ANALYZER_NUMBER_OBJECT_CONVERSION = YES_AGGRESSIVE;
				CLANG_CXX_LANGUAGE_STANDARD = "gnu++14";
				CLANG_CXX_LIBRARY = "libc++";
				CLANG_ENABLE_MODULES = YES;
				CLANG_ENABLE_OBJC_ARC = YES;
				CLANG_ENABLE_OBJC_WEAK = YES;
				CLANG_WARN_BLOCK_CAPTURE_AUTORELEASING = YES;
				CLANG_WARN_BOOL_CONVERSION = YES;
				CLANG_WARN_COMMA = YES;
				CLANG_WARN_CONSTANT_CONVERSION = YES;
				CLANG_WARN_DEPRECATED_OBJC_IMPLEMENTATIONS = YES;
				CLANG_WARN_DIRECT_OBJC_ISA_USAGE = YES_ERROR;
				CLANG_WARN_DOCUMENTATION_COMMENTS = YES;
				CLANG_WARN_EMPTY_BODY = YES;
				CLANG_WARN_ENUM_CONVERSION = YES;
				CLANG_WARN_INFINITE_RECURSION = YES;
				CLANG_WARN_INT_CONVERSION = YES;
				CLANG_WARN_NON_LITERAL_NULL_CONVERSION = YES;
				CLANG_WARN_OBJC_IMPLICIT_RETAIN_SELF = YES;
				CLANG_WARN_OBJC_LITERAL_CONVERSION = YES;
				CLANG_WARN_OBJC_ROOT_CLASS = YES_ERROR;
				CLANG_WARN_RANGE_LOOP_ANALYSIS = YES;
				CLANG_WARN_STRICT_PROTOTYPES = YES;
				CLANG_WARN_SUSPICIOUS_MOVE = YES;
				CLANG_WARN_UNGUARDED_AVAILABILITY = YES_AGGRESSIVE;
				CLANG_WARN_UNREACHABLE_CODE = YES;
				CLANG_WARN__DUPLICATE_METHOD_MATCH = YES;
				COPY_PHASE_STRIP = NO;
				DEBUG_INFORMATION_FORMAT = dwarf;
				ENABLE_STRICT_OBJC_MSGSEND = YES;
				ENABLE_TESTABILITY = YES;
				GCC_C_LANGUAGE_STANDARD = gnu11;
				GCC_DYNAMIC_NO_PIC = NO;
				GCC_NO_COMMON_BLOCKS = YES;
				GCC_OPTIMIZATION_LEVEL = 0;
				GCC_PREPROCESSOR_DEFINITIONS = (
					"DEBUG=1",
					"$(inherited)",
				);
				GCC_WARN_64_TO_32_BIT_CONVERSION = YES;
				GCC_WARN_ABOUT_RETURN_TYPE = YES_ERROR;
				GCC_WARN_UNDECLARED_SELECTOR = YES;
				GCC_WARN_UNINITIALIZED_AUTOS = YES_AGGRESSIVE;
				GCC_WARN_UNUSED_FUNCTION = YES;
				GCC_WARN_UNUSED_VARIABLE = YES;
				IPHONEOS_DEPLOYMENT_TARGET = 13.2;
				MTL_ENABLE_DEBUG_INFO = INCLUDE_SOURCE;
				MTL_FAST_MATH = YES;
				ONLY_ACTIVE_ARCH = YES;
				SDKROOT = iphoneos;
				SWIFT_ACTIVE_COMPILATION_CONDITIONS = DEBUG;
				SWIFT_OPTIMIZATION_LEVEL = "-Onone";
			};
			name = Debug;
		};
		C2BB3FCC240D9CDC00F4C0EC /* Release */ = {
			isa = XCBuildConfiguration;
			buildSettings = {
				ALWAYS_SEARCH_USER_PATHS = NO;
				CLANG_ANALYZER_NONNULL = YES;
				CLANG_ANALYZER_NUMBER_OBJECT_CONVERSION = YES_AGGRESSIVE;
				CLANG_CXX_LANGUAGE_STANDARD = "gnu++14";
				CLANG_CXX_LIBRARY = "libc++";
				CLANG_ENABLE_MODULES = YES;
				CLANG_ENABLE_OBJC_ARC = YES;
				CLANG_ENABLE_OBJC_WEAK = YES;
				CLANG_WARN_BLOCK_CAPTURE_AUTORELEASING = YES;
				CLANG_WARN_BOOL_CONVERSION = YES;
				CLANG_WARN_COMMA = YES;
				CLANG_WARN_CONSTANT_CONVERSION = YES;
				CLANG_WARN_DEPRECATED_OBJC_IMPLEMENTATIONS = YES;
				CLANG_WARN_DIRECT_OBJC_ISA_USAGE = YES_ERROR;
				CLANG_WARN_DOCUMENTATION_COMMENTS = YES;
				CLANG_WARN_EMPTY_BODY = YES;
				CLANG_WARN_ENUM_CONVERSION = YES;
				CLANG_WARN_INFINITE_RECURSION = YES;
				CLANG_WARN_INT_CONVERSION = YES;
				CLANG_WARN_NON_LITERAL_NULL_CONVERSION = YES;
				CLANG_WARN_OBJC_IMPLICIT_RETAIN_SELF = YES;
				CLANG_WARN_OBJC_LITERAL_CONVERSION = YES;
				CLANG_WARN_OBJC_ROOT_CLASS = YES_ERROR;
				CLANG_WARN_RANGE_LOOP_ANALYSIS = YES;
				CLANG_WARN_STRICT_PROTOTYPES = YES;
				CLANG_WARN_SUSPICIOUS_MOVE = YES;
				CLANG_WARN_UNGUARDED_AVAILABILITY = YES_AGGRESSIVE;
				CLANG_WARN_UNREACHABLE_CODE = YES;
				CLANG_WARN__DUPLICATE_METHOD_MATCH = YES;
				COPY_PHASE_STRIP = NO;
				DEBUG_INFORMATION_FORMAT = "dwarf-with-dsym";
				ENABLE_NS_ASSERTIONS = NO;
				ENABLE_STRICT_OBJC_MSGSEND = YES;
				GCC_C_LANGUAGE_STANDARD = gnu11;
				GCC_NO_COMMON_BLOCKS = YES;
				GCC_WARN_64_TO_32_BIT_CONVERSION = YES;
				GCC_WARN_ABOUT_RETURN_TYPE = YES_ERROR;
				GCC_WARN_UNDECLARED_SELECTOR = YES;
				GCC_WARN_UNINITIALIZED_AUTOS = YES_AGGRESSIVE;
				GCC_WARN_UNUSED_FUNCTION = YES;
				GCC_WARN_UNUSED_VARIABLE = YES;
				IPHONEOS_DEPLOYMENT_TARGET = 13.2;
				MTL_ENABLE_DEBUG_INFO = NO;
				MTL_FAST_MATH = YES;
				SDKROOT = iphoneos;
				SWIFT_COMPILATION_MODE = wholemodule;
				SWIFT_OPTIMIZATION_LEVEL = "-O";
				VALIDATE_PRODUCT = YES;
			};
			name = Release;
		};
		C2BB3FCE240D9CDC00F4C0EC /* Debug */ = {
			isa = XCBuildConfiguration;
			buildSettings = {
				ASSETCATALOG_COMPILER_APPICON_NAME = AppIcon;
				CODE_SIGN_STYLE = Automatic;
				DEVELOPMENT_ASSET_PATHS = "\"BarChartAnimations/Preview Content\"";
				DEVELOPMENT_TEAM = MVGPSPVTNC;
				ENABLE_PREVIEWS = YES;
				INFOPLIST_FILE = BarChartAnimations/Info.plist;
				LD_RUNPATH_SEARCH_PATHS = (
					"$(inherited)",
					"@executable_path/Frameworks",
				);
				PRODUCT_BUNDLE_IDENTIFIER = com.felix.BarChartAnimations;
				PRODUCT_NAME = "$(TARGET_NAME)";
				SWIFT_VERSION = 5.0;
				TARGETED_DEVICE_FAMILY = "1,2";
			};
			name = Debug;
		};
		C2BB3FCF240D9CDC00F4C0EC /* Release */ = {
			isa = XCBuildConfiguration;
			buildSettings = {
				ASSETCATALOG_COMPILER_APPICON_NAME = AppIcon;
				CODE_SIGN_STYLE = Automatic;
				DEVELOPMENT_ASSET_PATHS = "\"BarChartAnimations/Preview Content\"";
				DEVELOPMENT_TEAM = MVGPSPVTNC;
				ENABLE_PREVIEWS = YES;
				INFOPLIST_FILE = BarChartAnimations/Info.plist;
				LD_RUNPATH_SEARCH_PATHS = (
					"$(inherited)",
					"@executable_path/Frameworks",
				);
				PRODUCT_BUNDLE_IDENTIFIER = com.felix.BarChartAnimations;
				PRODUCT_NAME = "$(TARGET_NAME)";
				SWIFT_VERSION = 5.0;
				TARGETED_DEVICE_FAMILY = "1,2";
			};
			name = Release;
		};
/* End XCBuildConfiguration section */

/* Begin XCConfigurationList section */
		C2BB3FB4240D9CDB00F4C0EC /* Build configuration list for PBXProject "BarChartAnimations" */ = {
			isa = XCConfigurationList;
			buildConfigurations = (
				C2BB3FCB240D9CDC00F4C0EC /* Debug */,
				C2BB3FCC240D9CDC00F4C0EC /* Release */,
			);
			defaultConfigurationIsVisible = 0;
			defaultConfigurationName = Release;
		};
		C2BB3FCD240D9CDC00F4C0EC /* Build configuration list for PBXNativeTarget "BarChartAnimations" */ = {
			isa = XCConfigurationList;
			buildConfigurations = (
				C2BB3FCE240D9CDC00F4C0EC /* Debug */,
				C2BB3FCF240D9CDC00F4C0EC /* Release */,
			);
			defaultConfigurationIsVisible = 0;
			defaultConfigurationName = Release;
		};
/* End XCConfigurationList section */
	};
	rootObject = C2BB3FB1240D9CDB00F4C0EC /* Project object */;
}
